// !$*UTF8*$!
{
	archiveVersion = 1;
	classes = {
	};
	objectVersion = 46;
	objects = {

/* Begin PBXBuildFile section */
		8949F730188DDD090069E9D4 /* Foundation.framework in Frameworks */ = {isa = PBXBuildFile; fileRef = 8949F72F188DDD090069E9D4 /* Foundation.framework */; };
		8949F732188DDD090069E9D4 /* CoreGraphics.framework in Frameworks */ = {isa = PBXBuildFile; fileRef = 8949F731188DDD090069E9D4 /* CoreGraphics.framework */; };
		8949F734188DDD090069E9D4 /* UIKit.framework in Frameworks */ = {isa = PBXBuildFile; fileRef = 8949F733188DDD090069E9D4 /* UIKit.framework */; };
		8949F736188DDD090069E9D4 /* CoreData.framework in Frameworks */ = {isa = PBXBuildFile; fileRef = 8949F735188DDD090069E9D4 /* CoreData.framework */; };
		8949F73C188DDD090069E9D4 /* InfoPlist.strings in Resources */ = {isa = PBXBuildFile; fileRef = 8949F73A188DDD090069E9D4 /* InfoPlist.strings */; };
		8949F73E188DDD090069E9D4 /* main.m in Sources */ = {isa = PBXBuildFile; fileRef = 8949F73D188DDD090069E9D4 /* main.m */; };
		8949F742188DDD090069E9D4 /* SFAppDelegate.m in Sources */ = {isa = PBXBuildFile; fileRef = 8949F741188DDD090069E9D4 /* SFAppDelegate.m */; };
		8949F745188DDD090069E9D4 /* Main.storyboard in Resources */ = {isa = PBXBuildFile; fileRef = 8949F743188DDD090069E9D4 /* Main.storyboard */; };
		8949F748188DDD090069E9D4 /* FilmHeat.xcdatamodeld in Sources */ = {isa = PBXBuildFile; fileRef = 8949F746188DDD090069E9D4 /* FilmHeat.xcdatamodeld */; };
		8949F750188DDD090069E9D4 /* Images.xcassets in Resources */ = {isa = PBXBuildFile; fileRef = 8949F74F188DDD090069E9D4 /* Images.xcassets */; };
		8949F757188DDD090069E9D4 /* XCTest.framework in Frameworks */ = {isa = PBXBuildFile; fileRef = 8949F756188DDD090069E9D4 /* XCTest.framework */; };
		8949F758188DDD090069E9D4 /* Foundation.framework in Frameworks */ = {isa = PBXBuildFile; fileRef = 8949F72F188DDD090069E9D4 /* Foundation.framework */; };
		8949F759188DDD090069E9D4 /* UIKit.framework in Frameworks */ = {isa = PBXBuildFile; fileRef = 8949F733188DDD090069E9D4 /* UIKit.framework */; };
		8949F75A188DDD090069E9D4 /* CoreData.framework in Frameworks */ = {isa = PBXBuildFile; fileRef = 8949F735188DDD090069E9D4 /* CoreData.framework */; };
		8949F762188DDD090069E9D4 /* InfoPlist.strings in Resources */ = {isa = PBXBuildFile; fileRef = 8949F760188DDD090069E9D4 /* InfoPlist.strings */; };
		8949F764188DDD090069E9D4 /* FilmHeatTests.m in Sources */ = {isa = PBXBuildFile; fileRef = 8949F763188DDD090069E9D4 /* FilmHeatTests.m */; };
		8949F772188DE1460069E9D4 /* SFTabBarController.m in Sources */ = {isa = PBXBuildFile; fileRef = 8949F771188DE1460069E9D4 /* SFTabBarController.m */; };
		8949F775188DF2530069E9D4 /* FilmModel.m in Sources */ = {isa = PBXBuildFile; fileRef = 8949F774188DF2530069E9D4 /* FilmModel.m */; };
		8949F77B188DF3040069E9D4 /* SFFilmDataController.m in Sources */ = {isa = PBXBuildFile; fileRef = 8949F77A188DF3040069E9D4 /* SFFilmDataController.m */; };
		8949F781188DFE260069E9D4 /* SFInTheaterTableViewController.m in Sources */ = {isa = PBXBuildFile; fileRef = 8949F780188DFE260069E9D4 /* SFInTheaterTableViewController.m */; };
		894C50B4189C3BBA003F72C6 /* UIColor+SFFilmHeatColors.m in Sources */ = {isa = PBXBuildFile; fileRef = 894C50B3189C3BBA003F72C6 /* UIColor+SFFilmHeatColors.m */; };
		894DFAC818A0516A00806267 /* SFMovieDetailViewController.m in Sources */ = {isa = PBXBuildFile; fileRef = 894DFAC718A0516A00806267 /* SFMovieDetailViewController.m */; };
		894DFACB18A0681100806267 /* SFCustomizeViewController.m in Sources */ = {isa = PBXBuildFile; fileRef = 894DFACA18A0681100806267 /* SFCustomizeViewController.m */; };
		894DFACE18A0723600806267 /* Horizontal_Slider@2x.png in Resources */ = {isa = PBXBuildFile; fileRef = 894DFACD18A0723600806267 /* Horizontal_Slider@2x.png */; };
		894DFAD018A0724400806267 /* Horizontal_Slider.png in Resources */ = {isa = PBXBuildFile; fileRef = 894DFACF18A0724400806267 /* Horizontal_Slider.png */; };
		895B49C91895E04F001874D5 /* MapKit.framework in Frameworks */ = {isa = PBXBuildFile; fileRef = 895B49C81895E04F001874D5 /* MapKit.framework */; };
		897EB4DB1899CEAB007D43F3 /* SFScrollViewController.m in Sources */ = {isa = PBXBuildFile; fileRef = 897EB4DA1899CEAA007D43F3 /* SFScrollViewController.m */; };
		897EB4DE1899DAF1007D43F3 /* SFHistoryTableViewController.m in Sources */ = {isa = PBXBuildFile; fileRef = 897EB4DD1899DAF1007D43F3 /* SFHistoryTableViewController.m */; };
		897EB575189B2DD0007D43F3 /* SFTestViewController.m in Sources */ = {isa = PBXBuildFile; fileRef = 897EB574189B2DD0007D43F3 /* SFTestViewController.m */; };
		897EB577189B300B007D43F3 /* Mobile_Signal.png in Resources */ = {isa = PBXBuildFile; fileRef = 897EB576189B300B007D43F3 /* Mobile_Signal.png */; };
		897EB579189B301F007D43F3 /* Mobile_Signal@2x.png in Resources */ = {isa = PBXBuildFile; fileRef = 897EB578189B301F007D43F3 /* Mobile_Signal@2x.png */; };
		897EB57C189B3060007D43F3 /* Movies@2x.png in Resources */ = {isa = PBXBuildFile; fileRef = 897EB57A189B3060007D43F3 /* Movies@2x.png */; };
		897EB57D189B3060007D43F3 /* Music@2x.png in Resources */ = {isa = PBXBuildFile; fileRef = 897EB57B189B3060007D43F3 /* Music@2x.png */; };
		897EB580189B306C007D43F3 /* Movies.png in Resources */ = {isa = PBXBuildFile; fileRef = 897EB57E189B306C007D43F3 /* Movies.png */; };
		897EB581189B306C007D43F3 /* Music.png in Resources */ = {isa = PBXBuildFile; fileRef = 897EB57F189B306C007D43F3 /* Music.png */; };
		898F4CBB189080D20060E847 /* SFFilmModelDataController.m in Sources */ = {isa = PBXBuildFile; fileRef = 898F4CBA189080D20060E847 /* SFFilmModelDataController.m */; };
		898F4CBE189082A90060E847 /* SFFilmTableViewCell.m in Sources */ = {isa = PBXBuildFile; fileRef = 898F4CBD189082A90060E847 /* SFFilmTableViewCell.m */; };
		89A6F6C1189C7967002E1A21 /* SFMapViewController.m in Sources */ = {isa = PBXBuildFile; fileRef = 89A6F6C0189C7967002E1A21 /* SFMapViewController.m */; };
		89A6F6C4189C7D49002E1A21 /* ShowtimeModel.m in Sources */ = {isa = PBXBuildFile; fileRef = 89A6F6C3189C7D49002E1A21 /* ShowtimeModel.m */; };
/* End PBXBuildFile section */

/* Begin PBXContainerItemProxy section */
		8949F75B188DDD090069E9D4 /* PBXContainerItemProxy */ = {
			isa = PBXContainerItemProxy;
			containerPortal = 8949F724188DDD090069E9D4 /* Project object */;
			proxyType = 1;
			remoteGlobalIDString = 8949F72B188DDD090069E9D4;
			remoteInfo = FilmHeat;
		};
/* End PBXContainerItemProxy section */

/* Begin PBXFileReference section */
		8949F72C188DDD090069E9D4 /* FilmHeat.app */ = {isa = PBXFileReference; explicitFileType = wrapper.application; includeInIndex = 0; path = FilmHeat.app; sourceTree = BUILT_PRODUCTS_DIR; };
		8949F72F188DDD090069E9D4 /* Foundation.framework */ = {isa = PBXFileReference; lastKnownFileType = wrapper.framework; name = Foundation.framework; path = System/Library/Frameworks/Foundation.framework; sourceTree = SDKROOT; };
		8949F731188DDD090069E9D4 /* CoreGraphics.framework */ = {isa = PBXFileReference; lastKnownFileType = wrapper.framework; name = CoreGraphics.framework; path = System/Library/Frameworks/CoreGraphics.framework; sourceTree = SDKROOT; };
		8949F733188DDD090069E9D4 /* UIKit.framework */ = {isa = PBXFileReference; lastKnownFileType = wrapper.framework; name = UIKit.framework; path = System/Library/Frameworks/UIKit.framework; sourceTree = SDKROOT; };
		8949F735188DDD090069E9D4 /* CoreData.framework */ = {isa = PBXFileReference; lastKnownFileType = wrapper.framework; name = CoreData.framework; path = System/Library/Frameworks/CoreData.framework; sourceTree = SDKROOT; };
		8949F739188DDD090069E9D4 /* FilmHeat-Info.plist */ = {isa = PBXFileReference; lastKnownFileType = text.plist.xml; path = "FilmHeat-Info.plist"; sourceTree = "<group>"; };
		8949F73B188DDD090069E9D4 /* en */ = {isa = PBXFileReference; lastKnownFileType = text.plist.strings; name = en; path = en.lproj/InfoPlist.strings; sourceTree = "<group>"; };
		8949F73D188DDD090069E9D4 /* main.m */ = {isa = PBXFileReference; lastKnownFileType = sourcecode.c.objc; path = main.m; sourceTree = "<group>"; };
		8949F73F188DDD090069E9D4 /* FilmHeat-Prefix.pch */ = {isa = PBXFileReference; lastKnownFileType = sourcecode.c.h; path = "FilmHeat-Prefix.pch"; sourceTree = "<group>"; };
		8949F740188DDD090069E9D4 /* SFAppDelegate.h */ = {isa = PBXFileReference; lastKnownFileType = sourcecode.c.h; path = SFAppDelegate.h; sourceTree = "<group>"; };
		8949F741188DDD090069E9D4 /* SFAppDelegate.m */ = {isa = PBXFileReference; lastKnownFileType = sourcecode.c.objc; path = SFAppDelegate.m; sourceTree = "<group>"; };
		8949F744188DDD090069E9D4 /* Base */ = {isa = PBXFileReference; lastKnownFileType = file.storyboard; name = Base; path = Base.lproj/Main.storyboard; sourceTree = "<group>"; };
		8949F747188DDD090069E9D4 /* FilmHeat.xcdatamodel */ = {isa = PBXFileReference; lastKnownFileType = wrapper.xcdatamodel; path = FilmHeat.xcdatamodel; sourceTree = "<group>"; };
		8949F74F188DDD090069E9D4 /* Images.xcassets */ = {isa = PBXFileReference; lastKnownFileType = folder.assetcatalog; path = Images.xcassets; sourceTree = "<group>"; };
		8949F755188DDD090069E9D4 /* FilmHeatTests.xctest */ = {isa = PBXFileReference; explicitFileType = wrapper.cfbundle; includeInIndex = 0; path = FilmHeatTests.xctest; sourceTree = BUILT_PRODUCTS_DIR; };
		8949F756188DDD090069E9D4 /* XCTest.framework */ = {isa = PBXFileReference; lastKnownFileType = wrapper.framework; name = XCTest.framework; path = Library/Frameworks/XCTest.framework; sourceTree = DEVELOPER_DIR; };
		8949F75F188DDD090069E9D4 /* FilmHeatTests-Info.plist */ = {isa = PBXFileReference; lastKnownFileType = text.plist.xml; path = "FilmHeatTests-Info.plist"; sourceTree = "<group>"; };
		8949F761188DDD090069E9D4 /* en */ = {isa = PBXFileReference; lastKnownFileType = text.plist.strings; name = en; path = en.lproj/InfoPlist.strings; sourceTree = "<group>"; };
		8949F763188DDD090069E9D4 /* FilmHeatTests.m */ = {isa = PBXFileReference; lastKnownFileType = sourcecode.c.objc; path = FilmHeatTests.m; sourceTree = "<group>"; };
		8949F770188DE1450069E9D4 /* SFTabBarController.h */ = {isa = PBXFileReference; fileEncoding = 4; lastKnownFileType = sourcecode.c.h; name = SFTabBarController.h; path = ../SFTabBarController.h; sourceTree = "<group>"; };
		8949F771188DE1460069E9D4 /* SFTabBarController.m */ = {isa = PBXFileReference; fileEncoding = 4; lastKnownFileType = sourcecode.c.objc; name = SFTabBarController.m; path = ../SFTabBarController.m; sourceTree = "<group>"; };
		8949F773188DF2530069E9D4 /* FilmModel.h */ = {isa = PBXFileReference; fileEncoding = 4; lastKnownFileType = sourcecode.c.h; path = FilmModel.h; sourceTree = "<group>"; };
		8949F774188DF2530069E9D4 /* FilmModel.m */ = {isa = PBXFileReference; fileEncoding = 4; lastKnownFileType = sourcecode.c.objc; path = FilmModel.m; sourceTree = "<group>"; };
		8949F779188DF3040069E9D4 /* SFFilmDataController.h */ = {isa = PBXFileReference; fileEncoding = 4; lastKnownFileType = sourcecode.c.h; path = SFFilmDataController.h; sourceTree = "<group>"; };
		8949F77A188DF3040069E9D4 /* SFFilmDataController.m */ = {isa = PBXFileReference; fileEncoding = 4; lastKnownFileType = sourcecode.c.objc; path = SFFilmDataController.m; sourceTree = "<group>"; };
		8949F77F188DFE260069E9D4 /* SFInTheaterTableViewController.h */ = {isa = PBXFileReference; fileEncoding = 4; lastKnownFileType = sourcecode.c.h; name = SFInTheaterTableViewController.h; path = ../SFInTheaterTableViewController.h; sourceTree = "<group>"; };
		8949F780188DFE260069E9D4 /* SFInTheaterTableViewController.m */ = {isa = PBXFileReference; fileEncoding = 4; lastKnownFileType = sourcecode.c.objc; name = SFInTheaterTableViewController.m; path = ../SFInTheaterTableViewController.m; sourceTree = "<group>"; };
		894C50B2189C3BBA003F72C6 /* UIColor+SFFilmHeatColors.h */ = {isa = PBXFileReference; fileEncoding = 4; lastKnownFileType = sourcecode.c.h; name = "UIColor+SFFilmHeatColors.h"; path = "../UIColor+SFFilmHeatColors.h"; sourceTree = "<group>"; };
		894C50B3189C3BBA003F72C6 /* UIColor+SFFilmHeatColors.m */ = {isa = PBXFileReference; fileEncoding = 4; lastKnownFileType = sourcecode.c.objc; name = "UIColor+SFFilmHeatColors.m"; path = "../UIColor+SFFilmHeatColors.m"; sourceTree = "<group>"; };
		894DFAC618A0516A00806267 /* SFMovieDetailViewController.h */ = {isa = PBXFileReference; fileEncoding = 4; lastKnownFileType = sourcecode.c.h; name = SFMovieDetailViewController.h; path = ../SFMovieDetailViewController.h; sourceTree = "<group>"; };
		894DFAC718A0516A00806267 /* SFMovieDetailViewController.m */ = {isa = PBXFileReference; fileEncoding = 4; lastKnownFileType = sourcecode.c.objc; name = SFMovieDetailViewController.m; path = ../SFMovieDetailViewController.m; sourceTree = "<group>"; };
		894DFAC918A0681000806267 /* SFCustomizeViewController.h */ = {isa = PBXFileReference; fileEncoding = 4; lastKnownFileType = sourcecode.c.h; name = SFCustomizeViewController.h; path = ../SFCustomizeViewController.h; sourceTree = "<group>"; };
		894DFACA18A0681100806267 /* SFCustomizeViewController.m */ = {isa = PBXFileReference; fileEncoding = 4; lastKnownFileType = sourcecode.c.objc; name = SFCustomizeViewController.m; path = ../SFCustomizeViewController.m; sourceTree = "<group>"; };
		894DFACD18A0723600806267 /* Horizontal_Slider@2x.png */ = {isa = PBXFileReference; lastKnownFileType = image.png; path = "Horizontal_Slider@2x.png"; sourceTree = "<group>"; };
		894DFACF18A0724400806267 /* Horizontal_Slider.png */ = {isa = PBXFileReference; lastKnownFileType = image.png; path = Horizontal_Slider.png; sourceTree = "<group>"; };
		895B49C81895E04F001874D5 /* MapKit.framework */ = {isa = PBXFileReference; lastKnownFileType = wrapper.framework; name = MapKit.framework; path = System/Library/Frameworks/MapKit.framework; sourceTree = SDKROOT; };
		897EB4D91899CEAA007D43F3 /* SFScrollViewController.h */ = {isa = PBXFileReference; fileEncoding = 4; lastKnownFileType = sourcecode.c.h; name = SFScrollViewController.h; path = ../SFScrollViewController.h; sourceTree = "<group>"; };
		897EB4DA1899CEAA007D43F3 /* SFScrollViewController.m */ = {isa = PBXFileReference; fileEncoding = 4; lastKnownFileType = sourcecode.c.objc; name = SFScrollViewController.m; path = ../SFScrollViewController.m; sourceTree = "<group>"; };
		897EB4DC1899DAF0007D43F3 /* SFHistoryTableViewController.h */ = {isa = PBXFileReference; fileEncoding = 4; lastKnownFileType = sourcecode.c.h; name = SFHistoryTableViewController.h; path = ../SFHistoryTableViewController.h; sourceTree = "<group>"; };
		897EB4DD1899DAF1007D43F3 /* SFHistoryTableViewController.m */ = {isa = PBXFileReference; fileEncoding = 4; lastKnownFileType = sourcecode.c.objc; name = SFHistoryTableViewController.m; path = ../SFHistoryTableViewController.m; sourceTree = "<group>"; };
		897EB573189B2DD0007D43F3 /* SFTestViewController.h */ = {isa = PBXFileReference; fileEncoding = 4; lastKnownFileType = sourcecode.c.h; name = SFTestViewController.h; path = ../SFTestViewController.h; sourceTree = "<group>"; };
		897EB574189B2DD0007D43F3 /* SFTestViewController.m */ = {isa = PBXFileReference; fileEncoding = 4; lastKnownFileType = sourcecode.c.objc; name = SFTestViewController.m; path = ../SFTestViewController.m; sourceTree = "<group>"; };
		897EB576189B300B007D43F3 /* Mobile_Signal.png */ = {isa = PBXFileReference; lastKnownFileType = image.png; name = Mobile_Signal.png; path = FilmHeat/Mobile_Signal.png; sourceTree = "<group>"; };
		897EB578189B301F007D43F3 /* Mobile_Signal@2x.png */ = {isa = PBXFileReference; lastKnownFileType = image.png; name = "Mobile_Signal@2x.png"; path = "FilmHeat/Mobile_Signal@2x.png"; sourceTree = "<group>"; };
		897EB57A189B3060007D43F3 /* Movies@2x.png */ = {isa = PBXFileReference; lastKnownFileType = image.png; name = "Movies@2x.png"; path = "FilmHeat/Movies@2x.png"; sourceTree = "<group>"; };
		897EB57B189B3060007D43F3 /* Music@2x.png */ = {isa = PBXFileReference; lastKnownFileType = image.png; name = "Music@2x.png"; path = "FilmHeat/Music@2x.png"; sourceTree = "<group>"; };
		897EB57E189B306C007D43F3 /* Movies.png */ = {isa = PBXFileReference; lastKnownFileType = image.png; name = Movies.png; path = FilmHeat/Movies.png; sourceTree = "<group>"; };
		897EB57F189B306C007D43F3 /* Music.png */ = {isa = PBXFileReference; lastKnownFileType = image.png; name = Music.png; path = FilmHeat/Music.png; sourceTree = "<group>"; };
		898F4CB9189080D20060E847 /* SFFilmModelDataController.h */ = {isa = PBXFileReference; fileEncoding = 4; lastKnownFileType = sourcecode.c.h; name = SFFilmModelDataController.h; path = ../SFFilmModelDataController.h; sourceTree = "<group>"; };
		898F4CBA189080D20060E847 /* SFFilmModelDataController.m */ = {isa = PBXFileReference; fileEncoding = 4; lastKnownFileType = sourcecode.c.objc; name = SFFilmModelDataController.m; path = ../SFFilmModelDataController.m; sourceTree = "<group>"; };
		898F4CBC189082A90060E847 /* SFFilmTableViewCell.h */ = {isa = PBXFileReference; fileEncoding = 4; lastKnownFileType = sourcecode.c.h; name = SFFilmTableViewCell.h; path = ../SFFilmTableViewCell.h; sourceTree = "<group>"; };
		898F4CBD189082A90060E847 /* SFFilmTableViewCell.m */ = {isa = PBXFileReference; fileEncoding = 4; lastKnownFileType = sourcecode.c.objc; name = SFFilmTableViewCell.m; path = ../SFFilmTableViewCell.m; sourceTree = "<group>"; };
		89A6F6BF189C7967002E1A21 /* SFMapViewController.h */ = {isa = PBXFileReference; fileEncoding = 4; lastKnownFileType = sourcecode.c.h; name = SFMapViewController.h; path = ../SFMapViewController.h; sourceTree = "<group>"; };
		89A6F6C0189C7967002E1A21 /* SFMapViewController.m */ = {isa = PBXFileReference; fileEncoding = 4; lastKnownFileType = sourcecode.c.objc; name = SFMapViewController.m; path = ../SFMapViewController.m; sourceTree = "<group>"; };
		89A6F6C2189C7D49002E1A21 /* ShowtimeModel.h */ = {isa = PBXFileReference; fileEncoding = 4; lastKnownFileType = sourcecode.c.h; path = ShowtimeModel.h; sourceTree = "<group>"; };
		89A6F6C3189C7D49002E1A21 /* ShowtimeModel.m */ = {isa = PBXFileReference; fileEncoding = 4; lastKnownFileType = sourcecode.c.objc; path = ShowtimeModel.m; sourceTree = "<group>"; };
/* End PBXFileReference section */

/* Begin PBXFrameworksBuildPhase section */
		8949F729188DDD090069E9D4 /* Frameworks */ = {
			isa = PBXFrameworksBuildPhase;
			buildActionMask = 2147483647;
			files = (
				8949F732188DDD090069E9D4 /* CoreGraphics.framework in Frameworks */,
				8949F736188DDD090069E9D4 /* CoreData.framework in Frameworks */,
				895B49C91895E04F001874D5 /* MapKit.framework in Frameworks */,
				8949F734188DDD090069E9D4 /* UIKit.framework in Frameworks */,
				8949F730188DDD090069E9D4 /* Foundation.framework in Frameworks */,
			);
			runOnlyForDeploymentPostprocessing = 0;
		};
		8949F752188DDD090069E9D4 /* Frameworks */ = {
			isa = PBXFrameworksBuildPhase;
			buildActionMask = 2147483647;
			files = (
				8949F757188DDD090069E9D4 /* XCTest.framework in Frameworks */,
				8949F75A188DDD090069E9D4 /* CoreData.framework in Frameworks */,
				8949F759188DDD090069E9D4 /* UIKit.framework in Frameworks */,
				8949F758188DDD090069E9D4 /* Foundation.framework in Frameworks */,
			);
			runOnlyForDeploymentPostprocessing = 0;
		};
/* End PBXFrameworksBuildPhase section */

/* Begin PBXGroup section */
		8949F723188DDD090069E9D4 = {
			isa = PBXGroup;
			children = (
				8949F737188DDD090069E9D4 /* FilmHeat */,
				8949F75D188DDD090069E9D4 /* FilmHeatTests */,
				8949F72E188DDD090069E9D4 /* Frameworks */,
				8949F72D188DDD090069E9D4 /* Products */,
			);
			sourceTree = "<group>";
		};
		8949F72D188DDD090069E9D4 /* Products */ = {
			isa = PBXGroup;
			children = (
				8949F72C188DDD090069E9D4 /* FilmHeat.app */,
				8949F755188DDD090069E9D4 /* FilmHeatTests.xctest */,
			);
			name = Products;
			sourceTree = "<group>";
		};
		8949F72E188DDD090069E9D4 /* Frameworks */ = {
			isa = PBXGroup;
			children = (
				895B49C81895E04F001874D5 /* MapKit.framework */,
				8949F72F188DDD090069E9D4 /* Foundation.framework */,
				8949F731188DDD090069E9D4 /* CoreGraphics.framework */,
				8949F733188DDD090069E9D4 /* UIKit.framework */,
				8949F735188DDD090069E9D4 /* CoreData.framework */,
				8949F756188DDD090069E9D4 /* XCTest.framework */,
			);
			name = Frameworks;
			sourceTree = "<group>";
		};
		8949F737188DDD090069E9D4 /* FilmHeat */ = {
			isa = PBXGroup;
			children = (
				897EB573189B2DD0007D43F3 /* SFTestViewController.h */,
				894DFACC18A0722000806267 /* Media */,
				894DFAC918A0681000806267 /* SFCustomizeViewController.h */,
				894DFACA18A0681100806267 /* SFCustomizeViewController.m */,
				894DFAC618A0516A00806267 /* SFMovieDetailViewController.h */,
				894DFAC718A0516A00806267 /* SFMovieDetailViewController.m */,
				89A6F6BF189C7967002E1A21 /* SFMapViewController.h */,
				89A6F6C0189C7967002E1A21 /* SFMapViewController.m */,
				894C50B2189C3BBA003F72C6 /* UIColor+SFFilmHeatColors.h */,
				894C50B3189C3BBA003F72C6 /* UIColor+SFFilmHeatColors.m */,
				897EB574189B2DD0007D43F3 /* SFTestViewController.m */,
				897EB4D91899CEAA007D43F3 /* SFScrollViewController.h */,
				897EB4DA1899CEAA007D43F3 /* SFScrollViewController.m */,
				8949F778188DF29C0069E9D4 /* Controller */,
				8949F777188DF2980069E9D4 /* View */,
				8949F776188DF2910069E9D4 /* Model */,
				8949F740188DDD090069E9D4 /* SFAppDelegate.h */,
				8949F741188DDD090069E9D4 /* SFAppDelegate.m */,
				8949F743188DDD090069E9D4 /* Main.storyboard */,
				8949F74F188DDD090069E9D4 /* Images.xcassets */,
				8949F746188DDD090069E9D4 /* FilmHeat.xcdatamodeld */,
				8949F738188DDD090069E9D4 /* Supporting Files */,
			);
			path = FilmHeat;
			sourceTree = "<group>";
		};
		8949F738188DDD090069E9D4 /* Supporting Files */ = {
			isa = PBXGroup;
			children = (
				8949F739188DDD090069E9D4 /* FilmHeat-Info.plist */,
				8949F73A188DDD090069E9D4 /* InfoPlist.strings */,
				8949F73D188DDD090069E9D4 /* main.m */,
				8949F73F188DDD090069E9D4 /* FilmHeat-Prefix.pch */,
			);
			name = "Supporting Files";
			sourceTree = "<group>";
		};
		8949F75D188DDD090069E9D4 /* FilmHeatTests */ = {
			isa = PBXGroup;
			children = (
				8949F763188DDD090069E9D4 /* FilmHeatTests.m */,
				8949F75E188DDD090069E9D4 /* Supporting Files */,
			);
			path = FilmHeatTests;
			sourceTree = "<group>";
		};
		8949F75E188DDD090069E9D4 /* Supporting Files */ = {
			isa = PBXGroup;
			children = (
				8949F75F188DDD090069E9D4 /* FilmHeatTests-Info.plist */,
				8949F760188DDD090069E9D4 /* InfoPlist.strings */,
			);
			name = "Supporting Files";
			sourceTree = "<group>";
		};
		8949F776188DF2910069E9D4 /* Model */ = {
			isa = PBXGroup;
			children = (
				8949F773188DF2530069E9D4 /* FilmModel.h */,
				8949F774188DF2530069E9D4 /* FilmModel.m */,
				89A6F6C2189C7D49002E1A21 /* ShowtimeModel.h */,
				89A6F6C3189C7D49002E1A21 /* ShowtimeModel.m */,
			);
			name = Model;
			sourceTree = "<group>";
		};
		8949F777188DF2980069E9D4 /* View */ = {
			isa = PBXGroup;
			children = (
				898F4CBC189082A90060E847 /* SFFilmTableViewCell.h */,
				898F4CBD189082A90060E847 /* SFFilmTableViewCell.m */,
			);
			name = View;
			sourceTree = "<group>";
		};
		8949F778188DF29C0069E9D4 /* Controller */ = {
			isa = PBXGroup;
			children = (
				897EB4DC1899DAF0007D43F3 /* SFHistoryTableViewController.h */,
				897EB4DD1899DAF1007D43F3 /* SFHistoryTableViewController.m */,
				898F4CB9189080D20060E847 /* SFFilmModelDataController.h */,
				898F4CBA189080D20060E847 /* SFFilmModelDataController.m */,
				8949F77F188DFE260069E9D4 /* SFInTheaterTableViewController.h */,
				8949F780188DFE260069E9D4 /* SFInTheaterTableViewController.m */,
				8949F770188DE1450069E9D4 /* SFTabBarController.h */,
				8949F771188DE1460069E9D4 /* SFTabBarController.m */,
				8949F779188DF3040069E9D4 /* SFFilmDataController.h */,
				8949F77A188DF3040069E9D4 /* SFFilmDataController.m */,
			);
			name = Controller;
			sourceTree = "<group>";
		};
		894DFACC18A0722000806267 /* Media */ = {
			isa = PBXGroup;
			children = (
				894DFACF18A0724400806267 /* Horizontal_Slider.png */,
				894DFACD18A0723600806267 /* Horizontal_Slider@2x.png */,
				897EB57E189B306C007D43F3 /* Movies.png */,
				897EB57F189B306C007D43F3 /* Music.png */,
				897EB57A189B3060007D43F3 /* Movies@2x.png */,
				897EB57B189B3060007D43F3 /* Music@2x.png */,
				897EB578189B301F007D43F3 /* Mobile_Signal@2x.png */,
				897EB576189B300B007D43F3 /* Mobile_Signal.png */,
			);
			name = Media;
			path = ..;
			sourceTree = "<group>";
		};
/* End PBXGroup section */

/* Begin PBXNativeTarget section */
		8949F72B188DDD090069E9D4 /* FilmHeat */ = {
			isa = PBXNativeTarget;
			buildConfigurationList = 8949F767188DDD090069E9D4 /* Build configuration list for PBXNativeTarget "FilmHeat" */;
			buildPhases = (
				8949F728188DDD090069E9D4 /* Sources */,
				8949F729188DDD090069E9D4 /* Frameworks */,
				8949F72A188DDD090069E9D4 /* Resources */,
			);
			buildRules = (
			);
			dependencies = (
			);
			name = FilmHeat;
			productName = FilmHeat;
			productReference = 8949F72C188DDD090069E9D4 /* FilmHeat.app */;
			productType = "com.apple.product-type.application";
		};
		8949F754188DDD090069E9D4 /* FilmHeatTests */ = {
			isa = PBXNativeTarget;
			buildConfigurationList = 8949F76A188DDD090069E9D4 /* Build configuration list for PBXNativeTarget "FilmHeatTests" */;
			buildPhases = (
				8949F751188DDD090069E9D4 /* Sources */,
				8949F752188DDD090069E9D4 /* Frameworks */,
				8949F753188DDD090069E9D4 /* Resources */,
			);
			buildRules = (
			);
			dependencies = (
				8949F75C188DDD090069E9D4 /* PBXTargetDependency */,
			);
			name = FilmHeatTests;
			productName = FilmHeatTests;
			productReference = 8949F755188DDD090069E9D4 /* FilmHeatTests.xctest */;
			productType = "com.apple.product-type.bundle.unit-test";
		};
/* End PBXNativeTarget section */

/* Begin PBXProject section */
		8949F724188DDD090069E9D4 /* Project object */ = {
			isa = PBXProject;
			attributes = {
				CLASSPREFIX = SF;
				LastUpgradeCheck = 0500;
				ORGANIZATIONNAME = "Spencer Fornaciari";
				TargetAttributes = {
					8949F72B188DDD090069E9D4 = {
						SystemCapabilities = {
							com.apple.iOS = {
								enabled = 1;
							};
						};
					};
					8949F754188DDD090069E9D4 = {
						TestTargetID = 8949F72B188DDD090069E9D4;
					};
				};
			};
			buildConfigurationList = 8949F727188DDD090069E9D4 /* Build configuration list for PBXProject "FilmHeat" */;
			compatibilityVersion = "Xcode 3.2";
			developmentRegion = English;
			hasScannedForEncodings = 0;
			knownRegions = (
				en,
				Base,
			);
			mainGroup = 8949F723188DDD090069E9D4;
			productRefGroup = 8949F72D188DDD090069E9D4 /* Products */;
			projectDirPath = "";
			projectRoot = "";
			targets = (
				8949F72B188DDD090069E9D4 /* FilmHeat */,
				8949F754188DDD090069E9D4 /* FilmHeatTests */,
			);
		};
/* End PBXProject section */

/* Begin PBXResourcesBuildPhase section */
		8949F72A188DDD090069E9D4 /* Resources */ = {
			isa = PBXResourcesBuildPhase;
			buildActionMask = 2147483647;
			files = (
				897EB581189B306C007D43F3 /* Music.png in Resources */,
				897EB580189B306C007D43F3 /* Movies.png in Resources */,
				897EB57D189B3060007D43F3 /* Music@2x.png in Resources */,
				894DFACE18A0723600806267 /* Horizontal_Slider@2x.png in Resources */,
				8949F750188DDD090069E9D4 /* Images.xcassets in Resources */,
				897EB577189B300B007D43F3 /* Mobile_Signal.png in Resources */,
				894DFAD018A0724400806267 /* Horizontal_Slider.png in Resources */,
				8949F73C188DDD090069E9D4 /* InfoPlist.strings in Resources */,
				897EB57C189B3060007D43F3 /* Movies@2x.png in Resources */,
				897EB579189B301F007D43F3 /* Mobile_Signal@2x.png in Resources */,
				8949F745188DDD090069E9D4 /* Main.storyboard in Resources */,
			);
			runOnlyForDeploymentPostprocessing = 0;
		};
		8949F753188DDD090069E9D4 /* Resources */ = {
			isa = PBXResourcesBuildPhase;
			buildActionMask = 2147483647;
			files = (
				8949F762188DDD090069E9D4 /* InfoPlist.strings in Resources */,
			);
			runOnlyForDeploymentPostprocessing = 0;
		};
/* End PBXResourcesBuildPhase section */

/* Begin PBXSourcesBuildPhase section */
		8949F728188DDD090069E9D4 /* Sources */ = {
			isa = PBXSourcesBuildPhase;
			buildActionMask = 2147483647;
			files = (
				898F4CBB189080D20060E847 /* SFFilmModelDataController.m in Sources */,
				8949F781188DFE260069E9D4 /* SFInTheaterTableViewController.m in Sources */,
				894DFACB18A0681100806267 /* SFCustomizeViewController.m in Sources */,
				8949F77B188DF3040069E9D4 /* SFFilmDataController.m in Sources */,
				894DFAC818A0516A00806267 /* SFMovieDetailViewController.m in Sources */,
				8949F748188DDD090069E9D4 /* FilmHeat.xcdatamodeld in Sources */,
				8949F73E188DDD090069E9D4 /* main.m in Sources */,
				897EB575189B2DD0007D43F3 /* SFTestViewController.m in Sources */,
				898F4CBE189082A90060E847 /* SFFilmTableViewCell.m in Sources */,
				8949F772188DE1460069E9D4 /* SFTabBarController.m in Sources */,
				89A6F6C4189C7D49002E1A21 /* ShowtimeModel.m in Sources */,
				8949F742188DDD090069E9D4 /* SFAppDelegate.m in Sources */,
				897EB4DB1899CEAB007D43F3 /* SFScrollViewController.m in Sources */,
				89A6F6C1189C7967002E1A21 /* SFMapViewController.m in Sources */,
				894C50B4189C3BBA003F72C6 /* UIColor+SFFilmHeatColors.m in Sources */,
				8949F775188DF2530069E9D4 /* FilmModel.m in Sources */,
				897EB4DE1899DAF1007D43F3 /* SFHistoryTableViewController.m in Sources */,
			);
			runOnlyForDeploymentPostprocessing = 0;
		};
		8949F751188DDD090069E9D4 /* Sources */ = {
			isa = PBXSourcesBuildPhase;
			buildActionMask = 2147483647;
			files = (
				8949F764188DDD090069E9D4 /* FilmHeatTests.m in Sources */,
			);
			runOnlyForDeploymentPostprocessing = 0;
		};
/* End PBXSourcesBuildPhase section */

/* Begin PBXTargetDependency section */
		8949F75C188DDD090069E9D4 /* PBXTargetDependency */ = {
			isa = PBXTargetDependency;
			target = 8949F72B188DDD090069E9D4 /* FilmHeat */;
			targetProxy = 8949F75B188DDD090069E9D4 /* PBXContainerItemProxy */;
		};
/* End PBXTargetDependency section */

/* Begin PBXVariantGroup section */
		8949F73A188DDD090069E9D4 /* InfoPlist.strings */ = {
			isa = PBXVariantGroup;
			children = (
				8949F73B188DDD090069E9D4 /* en */,
			);
			name = InfoPlist.strings;
			sourceTree = "<group>";
		};
		8949F743188DDD090069E9D4 /* Main.storyboard */ = {
			isa = PBXVariantGroup;
			children = (
				8949F744188DDD090069E9D4 /* Base */,
			);
			name = Main.storyboard;
			sourceTree = "<group>";
		};
		8949F760188DDD090069E9D4 /* InfoPlist.strings */ = {
			isa = PBXVariantGroup;
			children = (
				8949F761188DDD090069E9D4 /* en */,
			);
			name = InfoPlist.strings;
			sourceTree = "<group>";
		};
/* End PBXVariantGroup section */

/* Begin XCBuildConfiguration section */
		8949F765188DDD090069E9D4 /* Debug */ = {
			isa = XCBuildConfiguration;
			buildSettings = {
				ALWAYS_SEARCH_USER_PATHS = NO;
				ARCHS = "$(ARCHS_STANDARD_INCLUDING_64_BIT)";
				CLANG_CXX_LANGUAGE_STANDARD = "gnu++0x";
				CLANG_CXX_LIBRARY = "libc++";
				CLANG_ENABLE_MODULES = YES;
				CLANG_ENABLE_OBJC_ARC = YES;
				CLANG_WARN_BOOL_CONVERSION = YES;
				CLANG_WARN_CONSTANT_CONVERSION = YES;
				CLANG_WARN_DIRECT_OBJC_ISA_USAGE = YES_ERROR;
				CLANG_WARN_EMPTY_BODY = YES;
				CLANG_WARN_ENUM_CONVERSION = YES;
				CLANG_WARN_INT_CONVERSION = YES;
				CLANG_WARN_OBJC_ROOT_CLASS = YES_ERROR;
				CLANG_WARN__DUPLICATE_METHOD_MATCH = YES;
				"CODE_SIGN_IDENTITY[sdk=iphoneos*]" = "iPhone Developer";
				COPY_PHASE_STRIP = NO;
				GCC_C_LANGUAGE_STANDARD = gnu99;
				GCC_DYNAMIC_NO_PIC = NO;
				GCC_OPTIMIZATION_LEVEL = 0;
				GCC_PREPROCESSOR_DEFINITIONS = (
					"DEBUG=1",
					"$(inherited)",
				);
				GCC_SYMBOLS_PRIVATE_EXTERN = NO;
				GCC_WARN_64_TO_32_BIT_CONVERSION = YES;
				GCC_WARN_ABOUT_RETURN_TYPE = YES_ERROR;
				GCC_WARN_UNDECLARED_SELECTOR = YES;
				GCC_WARN_UNINITIALIZED_AUTOS = YES;
				GCC_WARN_UNUSED_FUNCTION = YES;
				GCC_WARN_UNUSED_VARIABLE = YES;
				IPHONEOS_DEPLOYMENT_TARGET = 7.0;
				ONLY_ACTIVE_ARCH = YES;
				SDKROOT = iphoneos;
			};
			name = Debug;
		};
		8949F766188DDD090069E9D4 /* Release */ = {
			isa = XCBuildConfiguration;
			buildSettings = {
				ALWAYS_SEARCH_USER_PATHS = NO;
				ARCHS = "$(ARCHS_STANDARD_INCLUDING_64_BIT)";
				CLANG_CXX_LANGUAGE_STANDARD = "gnu++0x";
				CLANG_CXX_LIBRARY = "libc++";
				CLANG_ENABLE_MODULES = YES;
				CLANG_ENABLE_OBJC_ARC = YES;
				CLANG_WARN_BOOL_CONVERSION = YES;
				CLANG_WARN_CONSTANT_CONVERSION = YES;
				CLANG_WARN_DIRECT_OBJC_ISA_USAGE = YES_ERROR;
				CLANG_WARN_EMPTY_BODY = YES;
				CLANG_WARN_ENUM_CONVERSION = YES;
				CLANG_WARN_INT_CONVERSION = YES;
				CLANG_WARN_OBJC_ROOT_CLASS = YES_ERROR;
				CLANG_WARN__DUPLICATE_METHOD_MATCH = YES;
				"CODE_SIGN_IDENTITY[sdk=iphoneos*]" = "iPhone Developer";
				COPY_PHASE_STRIP = YES;
				ENABLE_NS_ASSERTIONS = NO;
				GCC_C_LANGUAGE_STANDARD = gnu99;
				GCC_WARN_64_TO_32_BIT_CONVERSION = YES;
				GCC_WARN_ABOUT_RETURN_TYPE = YES_ERROR;
				GCC_WARN_UNDECLARED_SELECTOR = YES;
				GCC_WARN_UNINITIALIZED_AUTOS = YES;
				GCC_WARN_UNUSED_FUNCTION = YES;
				GCC_WARN_UNUSED_VARIABLE = YES;
				IPHONEOS_DEPLOYMENT_TARGET = 7.0;
				SDKROOT = iphoneos;
				VALIDATE_PRODUCT = YES;
			};
			name = Release;
		};
		8949F768188DDD090069E9D4 /* Debug */ = {
			isa = XCBuildConfiguration;
			buildSettings = {
				ASSETCATALOG_COMPILER_APPICON_NAME = AppIcon;
				ASSETCATALOG_COMPILER_LAUNCHIMAGE_NAME = LaunchImage;
				GCC_PRECOMPILE_PREFIX_HEADER = YES;
				GCC_PREFIX_HEADER = "FilmHeat/FilmHeat-Prefix.pch";
				INFOPLIST_FILE = "FilmHeat/FilmHeat-Info.plist";
				PRODUCT_NAME = "$(TARGET_NAME)";
				WRAPPER_EXTENSION = app;
			};
			name = Debug;
		};
		8949F769188DDD090069E9D4 /* Release */ = {
			isa = XCBuildConfiguration;
			buildSettings = {
				ASSETCATALOG_COMPILER_APPICON_NAME = AppIcon;
				ASSETCATALOG_COMPILER_LAUNCHIMAGE_NAME = LaunchImage;
				GCC_PRECOMPILE_PREFIX_HEADER = YES;
				GCC_PREFIX_HEADER = "FilmHeat/FilmHeat-Prefix.pch";
				INFOPLIST_FILE = "FilmHeat/FilmHeat-Info.plist";
				PRODUCT_NAME = "$(TARGET_NAME)";
				WRAPPER_EXTENSION = app;
			};
			name = Release;
		};
		8949F76B188DDD090069E9D4 /* Debug */ = {
			isa = XCBuildConfiguration;
			buildSettings = {
				ARCHS = "$(ARCHS_STANDARD_INCLUDING_64_BIT)";
				BUNDLE_LOADER = "$(BUILT_PRODUCTS_DIR)/FilmHeat.app/FilmHeat";
				FRAMEWORK_SEARCH_PATHS = (
					"$(SDKROOT)/Developer/Library/Frameworks",
					"$(inherited)",
					"$(DEVELOPER_FRAMEWORKS_DIR)",
				);
				GCC_PRECOMPILE_PREFIX_HEADER = YES;
				GCC_PREFIX_HEADER = "FilmHeat/FilmHeat-Prefix.pch";
				GCC_PREPROCESSOR_DEFINITIONS = (
					"DEBUG=1",
					"$(inherited)",
				);
				INFOPLIST_FILE = "FilmHeatTests/FilmHeatTests-Info.plist";
				PRODUCT_NAME = "$(TARGET_NAME)";
				TEST_HOST = "$(BUNDLE_LOADER)";
				WRAPPER_EXTENSION = xctest;
			};
			name = Debug;
		};
		8949F76C188DDD090069E9D4 /* Release */ = {
			isa = XCBuildConfiguration;
			buildSettings = {
				ARCHS = "$(ARCHS_STANDARD_INCLUDING_64_BIT)";
				BUNDLE_LOADER = "$(BUILT_PRODUCTS_DIR)/FilmHeat.app/FilmHeat";
				FRAMEWORK_SEARCH_PATHS = (
					"$(SDKROOT)/Developer/Library/Frameworks",
					"$(inherited)",
					"$(DEVELOPER_FRAMEWORKS_DIR)",
				);
				GCC_PRECOMPILE_PREFIX_HEADER = YES;
				GCC_PREFIX_HEADER = "FilmHeat/FilmHeat-Prefix.pch";
				INFOPLIST_FILE = "FilmHeatTests/FilmHeatTests-Info.plist";
				PRODUCT_NAME = "$(TARGET_NAME)";
				TEST_HOST = "$(BUNDLE_LOADER)";
				WRAPPER_EXTENSION = xctest;
			};
			name = Release;
		};
/* End XCBuildConfiguration section */

/* Begin XCConfigurationList section */
		8949F727188DDD090069E9D4 /* Build configuration list for PBXProject "FilmHeat" */ = {
			isa = XCConfigurationList;
			buildConfigurations = (
				8949F765188DDD090069E9D4 /* Debug */,
				8949F766188DDD090069E9D4 /* Release */,
			);
			defaultConfigurationIsVisible = 0;
			defaultConfigurationName = Release;
		};
		8949F767188DDD090069E9D4 /* Build configuration list for PBXNativeTarget "FilmHeat" */ = {
			isa = XCConfigurationList;
			buildConfigurations = (
				8949F768188DDD090069E9D4 /* Debug */,
				8949F769188DDD090069E9D4 /* Release */,
			);
			defaultConfigurationIsVisible = 0;
			defaultConfigurationName = Release;
		};
		8949F76A188DDD090069E9D4 /* Build configuration list for PBXNativeTarget "FilmHeatTests" */ = {
			isa = XCConfigurationList;
			buildConfigurations = (
				8949F76B188DDD090069E9D4 /* Debug */,
				8949F76C188DDD090069E9D4 /* Release */,
			);
			defaultConfigurationIsVisible = 0;
			defaultConfigurationName = Release;
		};
/* End XCConfigurationList section */

/* Begin XCVersionGroup section */
		8949F746188DDD090069E9D4 /* FilmHeat.xcdatamodeld */ = {
			isa = XCVersionGroup;
			children = (
				8949F747188DDD090069E9D4 /* FilmHeat.xcdatamodel */,
			);
			currentVersion = 8949F747188DDD090069E9D4 /* FilmHeat.xcdatamodel */;
			path = FilmHeat.xcdatamodeld;
			sourceTree = "<group>";
			versionGroupType = wrapper.xcdatamodel;
		};
/* End XCVersionGroup section */
	};
	rootObject = 8949F724188DDD090069E9D4 /* Project object */;
}
