<?xml version="1.0" encoding="UTF-8"?>
<!DOCTYPE plist PUBLIC "-//Apple//DTD PLIST 1.0//EN" "http://www.apple.com/DTDs/PropertyList-1.0.dtd">
<plist version="1.0">
<dict>
	<key>archiveVersion</key>
	<string>1</string>
	<key>classes</key>
	<dict/>
	<key>objectVersion</key>
	<string>46</string>
	<key>objects</key>
	<dict>
<<<<<<< HEAD
		<key>13D03434AD4E4959913FBDBB</key>
		<dict>
			<key>fileRef</key>
			<string>6685525DAC4445B19261DFCC</string>
			<key>isa</key>
			<string>PBXBuildFile</string>
		</dict>
		<key>62A166A977C44177838ADDE9</key>
		<dict>
			<key>includeInIndex</key>
			<string>1</string>
			<key>isa</key>
			<string>PBXFileReference</string>
			<key>lastKnownFileType</key>
			<string>text.xcconfig</string>
			<key>name</key>
			<string>Pods.xcconfig</string>
			<key>path</key>
			<string>Pods/Pods.xcconfig</string>
			<key>sourceTree</key>
			<string>&lt;group&gt;</string>
		</dict>
		<key>6685525DAC4445B19261DFCC</key>
=======
		<key>583EE203611C472EB9509861</key>
		<dict>
			<key>buildActionMask</key>
			<string>2147483647</string>
			<key>files</key>
			<array/>
			<key>inputPaths</key>
			<array/>
			<key>isa</key>
			<string>PBXShellScriptBuildPhase</string>
			<key>name</key>
			<string>Check Pods Manifest.lock</string>
			<key>outputPaths</key>
			<array/>
			<key>runOnlyForDeploymentPostprocessing</key>
			<string>0</string>
			<key>shellPath</key>
			<string>/bin/sh</string>
			<key>shellScript</key>
			<string>diff "${PODS_ROOT}/../Podfile.lock" "${PODS_ROOT}/Manifest.lock" &gt; /dev/null
if [[ $? != 0 ]] ; then
    cat &lt;&lt; EOM
error: The sandbox is not in sync with the Podfile.lock. Run 'pod install' or update your CocoaPods installation.
EOM
    exit 1
fi
</string>
			<key>showEnvVarsInLog</key>
			<string>0</string>
		</dict>
		<key>7244DD04747A4D38BDFE3AF1</key>
>>>>>>> 7d71197641c45d1345c31f03fef1be5a86706015
		<dict>
			<key>explicitFileType</key>
			<string>archive.ar</string>
			<key>includeInIndex</key>
			<string>0</string>
			<key>isa</key>
			<string>PBXFileReference</string>
			<key>path</key>
			<string>libPods.a</string>
			<key>sourceTree</key>
			<string>BUILT_PRODUCTS_DIR</string>
		</dict>
		<key>8949F723188DDD090069E9D4</key>
		<dict>
			<key>children</key>
			<array>
				<string>8949F737188DDD090069E9D4</string>
				<string>8949F75D188DDD090069E9D4</string>
				<string>8949F72E188DDD090069E9D4</string>
				<string>8949F72D188DDD090069E9D4</string>
<<<<<<< HEAD
				<string>62A166A977C44177838ADDE9</string>
=======
				<string>9C0C317C71794A1488DD7703</string>
>>>>>>> 7d71197641c45d1345c31f03fef1be5a86706015
			</array>
			<key>isa</key>
			<string>PBXGroup</string>
			<key>sourceTree</key>
			<string>&lt;group&gt;</string>
		</dict>
		<key>8949F724188DDD090069E9D4</key>
		<dict>
			<key>attributes</key>
			<dict>
				<key>CLASSPREFIX</key>
				<string>SF</string>
				<key>LastUpgradeCheck</key>
				<string>0500</string>
				<key>ORGANIZATIONNAME</key>
				<string>Spencer Fornaciari</string>
				<key>TargetAttributes</key>
				<dict>
					<key>8949F72B188DDD090069E9D4</key>
					<dict>
						<key>SystemCapabilities</key>
						<dict>
							<key>com.apple.iOS</key>
							<dict>
								<key>enabled</key>
								<string>1</string>
							</dict>
						</dict>
					</dict>
					<key>8949F754188DDD090069E9D4</key>
					<dict>
						<key>TestTargetID</key>
						<string>8949F72B188DDD090069E9D4</string>
					</dict>
				</dict>
			</dict>
			<key>buildConfigurationList</key>
			<string>8949F727188DDD090069E9D4</string>
			<key>compatibilityVersion</key>
			<string>Xcode 3.2</string>
			<key>developmentRegion</key>
			<string>English</string>
			<key>hasScannedForEncodings</key>
			<string>0</string>
			<key>isa</key>
			<string>PBXProject</string>
			<key>knownRegions</key>
			<array>
				<string>en</string>
				<string>Base</string>
			</array>
			<key>mainGroup</key>
			<string>8949F723188DDD090069E9D4</string>
			<key>productRefGroup</key>
			<string>8949F72D188DDD090069E9D4</string>
			<key>projectDirPath</key>
			<string></string>
			<key>projectReferences</key>
			<array/>
			<key>projectRoot</key>
			<string></string>
			<key>targets</key>
			<array>
				<string>8949F72B188DDD090069E9D4</string>
				<string>8949F754188DDD090069E9D4</string>
			</array>
		</dict>
		<key>8949F727188DDD090069E9D4</key>
		<dict>
			<key>buildConfigurations</key>
			<array>
				<string>8949F765188DDD090069E9D4</string>
				<string>8949F766188DDD090069E9D4</string>
			</array>
			<key>defaultConfigurationIsVisible</key>
			<string>0</string>
			<key>defaultConfigurationName</key>
			<string>Release</string>
			<key>isa</key>
			<string>XCConfigurationList</string>
		</dict>
		<key>8949F728188DDD090069E9D4</key>
		<dict>
			<key>buildActionMask</key>
			<string>2147483647</string>
			<key>files</key>
			<array>
				<string>898F4CBB189080D20060E847</string>
				<string>894DFACB18A0681100806267</string>
				<string>8949F77B188DF3040069E9D4</string>
				<string>894DFAC818A0516A00806267</string>
				<string>8949F748188DDD090069E9D4</string>
				<string>8949F73E188DDD090069E9D4</string>
				<string>897EB575189B2DD0007D43F3</string>
				<string>898F4CBE189082A90060E847</string>
				<string>8949F772188DE1460069E9D4</string>
				<string>89A6F6C4189C7D49002E1A21</string>
				<string>8949F742188DDD090069E9D4</string>
				<string>897EB4DB1899CEAB007D43F3</string>
				<string>89A6F6C1189C7967002E1A21</string>
				<string>894C50B4189C3BBA003F72C6</string>
				<string>8949F775188DF2530069E9D4</string>
			</array>
			<key>isa</key>
			<string>PBXSourcesBuildPhase</string>
			<key>runOnlyForDeploymentPostprocessing</key>
			<string>0</string>
		</dict>
		<key>8949F729188DDD090069E9D4</key>
		<dict>
			<key>buildActionMask</key>
			<string>2147483647</string>
			<key>files</key>
			<array>
				<string>8949F732188DDD090069E9D4</string>
				<string>8949F736188DDD090069E9D4</string>
				<string>895B49C91895E04F001874D5</string>
				<string>8949F734188DDD090069E9D4</string>
				<string>8949F730188DDD090069E9D4</string>
<<<<<<< HEAD
				<string>13D03434AD4E4959913FBDBB</string>
=======
				<string>F83D7A3CC7C7497B9209FF30</string>
>>>>>>> 7d71197641c45d1345c31f03fef1be5a86706015
			</array>
			<key>isa</key>
			<string>PBXFrameworksBuildPhase</string>
			<key>runOnlyForDeploymentPostprocessing</key>
			<string>0</string>
		</dict>
		<key>8949F72A188DDD090069E9D4</key>
		<dict>
			<key>buildActionMask</key>
			<string>2147483647</string>
			<key>files</key>
			<array>
				<string>894DFAD618A1769300806267</string>
				<string>897EB580189B306C007D43F3</string>
				<string>894DFADA18A176CA00806267</string>
				<string>894DFACE18A0723600806267</string>
				<string>894DFADC18A176DB00806267</string>
				<string>8949F750188DDD090069E9D4</string>
				<string>894DFAD018A0724400806267</string>
				<string>8949F73C188DDD090069E9D4</string>
				<string>897EB57C189B3060007D43F3</string>
				<string>8949F745188DDD090069E9D4</string>
				<string>894DFAD818A1769F00806267</string>
			</array>
			<key>isa</key>
			<string>PBXResourcesBuildPhase</string>
			<key>runOnlyForDeploymentPostprocessing</key>
			<string>0</string>
		</dict>
		<key>8949F72B188DDD090069E9D4</key>
		<dict>
			<key>buildConfigurationList</key>
			<string>8949F767188DDD090069E9D4</string>
			<key>buildPhases</key>
			<array>
<<<<<<< HEAD
				<string>92A5089A8FB14D829A115824</string>
				<string>8949F728188DDD090069E9D4</string>
				<string>8949F729188DDD090069E9D4</string>
				<string>8949F72A188DDD090069E9D4</string>
				<string>B48AB1528C9E4C12AB2A1D21</string>
=======
				<string>583EE203611C472EB9509861</string>
				<string>8949F728188DDD090069E9D4</string>
				<string>8949F729188DDD090069E9D4</string>
				<string>8949F72A188DDD090069E9D4</string>
				<string>B0C416946CBE4CFE884F353E</string>
>>>>>>> 7d71197641c45d1345c31f03fef1be5a86706015
			</array>
			<key>buildRules</key>
			<array/>
			<key>dependencies</key>
			<array/>
			<key>isa</key>
			<string>PBXNativeTarget</string>
			<key>name</key>
			<string>FilmHeat</string>
			<key>productName</key>
			<string>FilmHeat</string>
			<key>productReference</key>
			<string>8949F72C188DDD090069E9D4</string>
			<key>productType</key>
			<string>com.apple.product-type.application</string>
		</dict>
		<key>8949F72C188DDD090069E9D4</key>
		<dict>
			<key>explicitFileType</key>
			<string>wrapper.application</string>
			<key>includeInIndex</key>
			<string>0</string>
			<key>isa</key>
			<string>PBXFileReference</string>
			<key>path</key>
			<string>FilmHeat.app</string>
			<key>sourceTree</key>
			<string>BUILT_PRODUCTS_DIR</string>
		</dict>
		<key>8949F72D188DDD090069E9D4</key>
		<dict>
			<key>children</key>
			<array>
				<string>8949F72C188DDD090069E9D4</string>
				<string>8949F755188DDD090069E9D4</string>
			</array>
			<key>isa</key>
			<string>PBXGroup</string>
			<key>name</key>
			<string>Products</string>
			<key>sourceTree</key>
			<string>&lt;group&gt;</string>
		</dict>
		<key>8949F72E188DDD090069E9D4</key>
		<dict>
			<key>children</key>
			<array>
				<string>895B49C81895E04F001874D5</string>
				<string>8949F72F188DDD090069E9D4</string>
				<string>8949F731188DDD090069E9D4</string>
				<string>8949F733188DDD090069E9D4</string>
				<string>8949F735188DDD090069E9D4</string>
				<string>8949F756188DDD090069E9D4</string>
<<<<<<< HEAD
				<string>6685525DAC4445B19261DFCC</string>
=======
				<string>7244DD04747A4D38BDFE3AF1</string>
>>>>>>> 7d71197641c45d1345c31f03fef1be5a86706015
			</array>
			<key>isa</key>
			<string>PBXGroup</string>
			<key>name</key>
			<string>Frameworks</string>
			<key>sourceTree</key>
			<string>&lt;group&gt;</string>
		</dict>
		<key>8949F72F188DDD090069E9D4</key>
		<dict>
			<key>isa</key>
			<string>PBXFileReference</string>
			<key>lastKnownFileType</key>
			<string>wrapper.framework</string>
			<key>name</key>
			<string>Foundation.framework</string>
			<key>path</key>
			<string>System/Library/Frameworks/Foundation.framework</string>
			<key>sourceTree</key>
			<string>SDKROOT</string>
		</dict>
		<key>8949F730188DDD090069E9D4</key>
		<dict>
			<key>fileRef</key>
			<string>8949F72F188DDD090069E9D4</string>
			<key>isa</key>
			<string>PBXBuildFile</string>
		</dict>
		<key>8949F731188DDD090069E9D4</key>
		<dict>
			<key>isa</key>
			<string>PBXFileReference</string>
			<key>lastKnownFileType</key>
			<string>wrapper.framework</string>
			<key>name</key>
			<string>CoreGraphics.framework</string>
			<key>path</key>
			<string>System/Library/Frameworks/CoreGraphics.framework</string>
			<key>sourceTree</key>
			<string>SDKROOT</string>
		</dict>
		<key>8949F732188DDD090069E9D4</key>
		<dict>
			<key>fileRef</key>
			<string>8949F731188DDD090069E9D4</string>
			<key>isa</key>
			<string>PBXBuildFile</string>
		</dict>
		<key>8949F733188DDD090069E9D4</key>
		<dict>
			<key>isa</key>
			<string>PBXFileReference</string>
			<key>lastKnownFileType</key>
			<string>wrapper.framework</string>
			<key>name</key>
			<string>UIKit.framework</string>
			<key>path</key>
			<string>System/Library/Frameworks/UIKit.framework</string>
			<key>sourceTree</key>
			<string>SDKROOT</string>
		</dict>
		<key>8949F734188DDD090069E9D4</key>
		<dict>
			<key>fileRef</key>
			<string>8949F733188DDD090069E9D4</string>
			<key>isa</key>
			<string>PBXBuildFile</string>
		</dict>
		<key>8949F735188DDD090069E9D4</key>
		<dict>
			<key>isa</key>
			<string>PBXFileReference</string>
			<key>lastKnownFileType</key>
			<string>wrapper.framework</string>
			<key>name</key>
			<string>CoreData.framework</string>
			<key>path</key>
			<string>System/Library/Frameworks/CoreData.framework</string>
			<key>sourceTree</key>
			<string>SDKROOT</string>
		</dict>
		<key>8949F736188DDD090069E9D4</key>
		<dict>
			<key>fileRef</key>
			<string>8949F735188DDD090069E9D4</string>
			<key>isa</key>
			<string>PBXBuildFile</string>
		</dict>
		<key>8949F737188DDD090069E9D4</key>
		<dict>
			<key>children</key>
			<array>
				<string>897EB573189B2DD0007D43F3</string>
				<string>894DFACC18A0722000806267</string>
				<string>894DFAC918A0681000806267</string>
				<string>894DFACA18A0681100806267</string>
				<string>894DFAC618A0516A00806267</string>
				<string>894DFAC718A0516A00806267</string>
				<string>89A6F6BF189C7967002E1A21</string>
				<string>89A6F6C0189C7967002E1A21</string>
				<string>894C50B2189C3BBA003F72C6</string>
				<string>894C50B3189C3BBA003F72C6</string>
				<string>897EB574189B2DD0007D43F3</string>
				<string>897EB4D91899CEAA007D43F3</string>
				<string>897EB4DA1899CEAA007D43F3</string>
				<string>8949F778188DF29C0069E9D4</string>
				<string>8949F777188DF2980069E9D4</string>
				<string>8949F776188DF2910069E9D4</string>
				<string>8949F740188DDD090069E9D4</string>
				<string>8949F741188DDD090069E9D4</string>
				<string>8949F743188DDD090069E9D4</string>
				<string>8949F74F188DDD090069E9D4</string>
				<string>8949F746188DDD090069E9D4</string>
				<string>8949F738188DDD090069E9D4</string>
			</array>
			<key>isa</key>
			<string>PBXGroup</string>
			<key>path</key>
			<string>FilmHeat</string>
			<key>sourceTree</key>
			<string>&lt;group&gt;</string>
		</dict>
		<key>8949F738188DDD090069E9D4</key>
		<dict>
			<key>children</key>
			<array>
				<string>8949F739188DDD090069E9D4</string>
				<string>8949F73A188DDD090069E9D4</string>
				<string>8949F73D188DDD090069E9D4</string>
				<string>8949F73F188DDD090069E9D4</string>
			</array>
			<key>isa</key>
			<string>PBXGroup</string>
			<key>name</key>
			<string>Supporting Files</string>
			<key>sourceTree</key>
			<string>&lt;group&gt;</string>
		</dict>
		<key>8949F739188DDD090069E9D4</key>
		<dict>
			<key>isa</key>
			<string>PBXFileReference</string>
			<key>lastKnownFileType</key>
			<string>text.plist.xml</string>
			<key>path</key>
			<string>FilmHeat-Info.plist</string>
			<key>sourceTree</key>
			<string>&lt;group&gt;</string>
		</dict>
		<key>8949F73A188DDD090069E9D4</key>
		<dict>
			<key>children</key>
			<array>
				<string>8949F73B188DDD090069E9D4</string>
			</array>
			<key>isa</key>
			<string>PBXVariantGroup</string>
			<key>name</key>
			<string>InfoPlist.strings</string>
			<key>sourceTree</key>
			<string>&lt;group&gt;</string>
		</dict>
		<key>8949F73B188DDD090069E9D4</key>
		<dict>
			<key>isa</key>
			<string>PBXFileReference</string>
			<key>lastKnownFileType</key>
			<string>text.plist.strings</string>
			<key>name</key>
			<string>en</string>
			<key>path</key>
			<string>en.lproj/InfoPlist.strings</string>
			<key>sourceTree</key>
			<string>&lt;group&gt;</string>
		</dict>
		<key>8949F73C188DDD090069E9D4</key>
		<dict>
			<key>fileRef</key>
			<string>8949F73A188DDD090069E9D4</string>
			<key>isa</key>
			<string>PBXBuildFile</string>
		</dict>
		<key>8949F73D188DDD090069E9D4</key>
		<dict>
			<key>isa</key>
			<string>PBXFileReference</string>
			<key>lastKnownFileType</key>
			<string>sourcecode.c.objc</string>
			<key>path</key>
			<string>main.m</string>
			<key>sourceTree</key>
			<string>&lt;group&gt;</string>
		</dict>
		<key>8949F73E188DDD090069E9D4</key>
		<dict>
			<key>fileRef</key>
			<string>8949F73D188DDD090069E9D4</string>
			<key>isa</key>
			<string>PBXBuildFile</string>
		</dict>
		<key>8949F73F188DDD090069E9D4</key>
		<dict>
			<key>isa</key>
			<string>PBXFileReference</string>
			<key>lastKnownFileType</key>
			<string>sourcecode.c.h</string>
			<key>path</key>
			<string>FilmHeat-Prefix.pch</string>
			<key>sourceTree</key>
			<string>&lt;group&gt;</string>
		</dict>
		<key>8949F740188DDD090069E9D4</key>
		<dict>
			<key>isa</key>
			<string>PBXFileReference</string>
			<key>lastKnownFileType</key>
			<string>sourcecode.c.h</string>
			<key>path</key>
			<string>SFAppDelegate.h</string>
			<key>sourceTree</key>
			<string>&lt;group&gt;</string>
		</dict>
		<key>8949F741188DDD090069E9D4</key>
		<dict>
			<key>isa</key>
			<string>PBXFileReference</string>
			<key>lastKnownFileType</key>
			<string>sourcecode.c.objc</string>
			<key>path</key>
			<string>SFAppDelegate.m</string>
			<key>sourceTree</key>
			<string>&lt;group&gt;</string>
		</dict>
		<key>8949F742188DDD090069E9D4</key>
		<dict>
			<key>fileRef</key>
			<string>8949F741188DDD090069E9D4</string>
			<key>isa</key>
			<string>PBXBuildFile</string>
		</dict>
		<key>8949F743188DDD090069E9D4</key>
		<dict>
			<key>children</key>
			<array>
				<string>8949F744188DDD090069E9D4</string>
			</array>
			<key>isa</key>
			<string>PBXVariantGroup</string>
			<key>name</key>
			<string>Main.storyboard</string>
			<key>sourceTree</key>
			<string>&lt;group&gt;</string>
		</dict>
		<key>8949F744188DDD090069E9D4</key>
		<dict>
			<key>isa</key>
			<string>PBXFileReference</string>
			<key>lastKnownFileType</key>
			<string>file.storyboard</string>
			<key>name</key>
			<string>Base</string>
			<key>path</key>
			<string>Base.lproj/Main.storyboard</string>
			<key>sourceTree</key>
			<string>&lt;group&gt;</string>
		</dict>
		<key>8949F745188DDD090069E9D4</key>
		<dict>
			<key>fileRef</key>
			<string>8949F743188DDD090069E9D4</string>
			<key>isa</key>
			<string>PBXBuildFile</string>
		</dict>
		<key>8949F746188DDD090069E9D4</key>
		<dict>
			<key>children</key>
			<array>
				<string>8949F747188DDD090069E9D4</string>
			</array>
			<key>currentVersion</key>
			<string>8949F747188DDD090069E9D4</string>
			<key>isa</key>
			<string>XCVersionGroup</string>
			<key>path</key>
			<string>FilmHeat.xcdatamodeld</string>
			<key>sourceTree</key>
			<string>&lt;group&gt;</string>
			<key>versionGroupType</key>
			<string>wrapper.xcdatamodel</string>
		</dict>
		<key>8949F747188DDD090069E9D4</key>
		<dict>
			<key>isa</key>
			<string>PBXFileReference</string>
			<key>lastKnownFileType</key>
			<string>wrapper.xcdatamodel</string>
			<key>path</key>
			<string>FilmHeat.xcdatamodel</string>
			<key>sourceTree</key>
			<string>&lt;group&gt;</string>
		</dict>
		<key>8949F748188DDD090069E9D4</key>
		<dict>
			<key>fileRef</key>
			<string>8949F746188DDD090069E9D4</string>
			<key>isa</key>
			<string>PBXBuildFile</string>
		</dict>
		<key>8949F74F188DDD090069E9D4</key>
		<dict>
			<key>isa</key>
			<string>PBXFileReference</string>
			<key>lastKnownFileType</key>
			<string>folder.assetcatalog</string>
			<key>path</key>
			<string>Images.xcassets</string>
			<key>sourceTree</key>
			<string>&lt;group&gt;</string>
		</dict>
		<key>8949F750188DDD090069E9D4</key>
		<dict>
			<key>fileRef</key>
			<string>8949F74F188DDD090069E9D4</string>
			<key>isa</key>
			<string>PBXBuildFile</string>
		</dict>
		<key>8949F751188DDD090069E9D4</key>
		<dict>
			<key>buildActionMask</key>
			<string>2147483647</string>
			<key>files</key>
			<array>
				<string>8949F764188DDD090069E9D4</string>
			</array>
			<key>isa</key>
			<string>PBXSourcesBuildPhase</string>
			<key>runOnlyForDeploymentPostprocessing</key>
			<string>0</string>
		</dict>
		<key>8949F752188DDD090069E9D4</key>
		<dict>
			<key>buildActionMask</key>
			<string>2147483647</string>
			<key>files</key>
			<array>
				<string>8949F757188DDD090069E9D4</string>
				<string>8949F75A188DDD090069E9D4</string>
				<string>8949F759188DDD090069E9D4</string>
				<string>8949F758188DDD090069E9D4</string>
			</array>
			<key>isa</key>
			<string>PBXFrameworksBuildPhase</string>
			<key>runOnlyForDeploymentPostprocessing</key>
			<string>0</string>
		</dict>
		<key>8949F753188DDD090069E9D4</key>
		<dict>
			<key>buildActionMask</key>
			<string>2147483647</string>
			<key>files</key>
			<array>
				<string>8949F762188DDD090069E9D4</string>
			</array>
			<key>isa</key>
			<string>PBXResourcesBuildPhase</string>
			<key>runOnlyForDeploymentPostprocessing</key>
			<string>0</string>
		</dict>
		<key>8949F754188DDD090069E9D4</key>
		<dict>
			<key>buildConfigurationList</key>
			<string>8949F76A188DDD090069E9D4</string>
			<key>buildPhases</key>
			<array>
				<string>8949F751188DDD090069E9D4</string>
				<string>8949F752188DDD090069E9D4</string>
				<string>8949F753188DDD090069E9D4</string>
			</array>
			<key>buildRules</key>
			<array/>
			<key>dependencies</key>
			<array>
				<string>8949F75C188DDD090069E9D4</string>
			</array>
			<key>isa</key>
			<string>PBXNativeTarget</string>
			<key>name</key>
			<string>FilmHeatTests</string>
			<key>productName</key>
			<string>FilmHeatTests</string>
			<key>productReference</key>
			<string>8949F755188DDD090069E9D4</string>
			<key>productType</key>
			<string>com.apple.product-type.bundle.unit-test</string>
		</dict>
		<key>8949F755188DDD090069E9D4</key>
		<dict>
			<key>explicitFileType</key>
			<string>wrapper.cfbundle</string>
			<key>includeInIndex</key>
			<string>0</string>
			<key>isa</key>
			<string>PBXFileReference</string>
			<key>path</key>
			<string>FilmHeatTests.xctest</string>
			<key>sourceTree</key>
			<string>BUILT_PRODUCTS_DIR</string>
		</dict>
		<key>8949F756188DDD090069E9D4</key>
		<dict>
			<key>isa</key>
			<string>PBXFileReference</string>
			<key>lastKnownFileType</key>
			<string>wrapper.framework</string>
			<key>name</key>
			<string>XCTest.framework</string>
			<key>path</key>
			<string>Library/Frameworks/XCTest.framework</string>
			<key>sourceTree</key>
			<string>DEVELOPER_DIR</string>
		</dict>
		<key>8949F757188DDD090069E9D4</key>
		<dict>
			<key>fileRef</key>
			<string>8949F756188DDD090069E9D4</string>
			<key>isa</key>
			<string>PBXBuildFile</string>
		</dict>
		<key>8949F758188DDD090069E9D4</key>
		<dict>
			<key>fileRef</key>
			<string>8949F72F188DDD090069E9D4</string>
			<key>isa</key>
			<string>PBXBuildFile</string>
		</dict>
		<key>8949F759188DDD090069E9D4</key>
		<dict>
			<key>fileRef</key>
			<string>8949F733188DDD090069E9D4</string>
			<key>isa</key>
			<string>PBXBuildFile</string>
		</dict>
		<key>8949F75A188DDD090069E9D4</key>
		<dict>
			<key>fileRef</key>
			<string>8949F735188DDD090069E9D4</string>
			<key>isa</key>
			<string>PBXBuildFile</string>
		</dict>
		<key>8949F75B188DDD090069E9D4</key>
		<dict>
			<key>containerPortal</key>
			<string>8949F724188DDD090069E9D4</string>
			<key>isa</key>
			<string>PBXContainerItemProxy</string>
			<key>proxyType</key>
			<string>1</string>
			<key>remoteGlobalIDString</key>
			<string>8949F72B188DDD090069E9D4</string>
			<key>remoteInfo</key>
			<string>FilmHeat</string>
		</dict>
		<key>8949F75C188DDD090069E9D4</key>
		<dict>
			<key>isa</key>
			<string>PBXTargetDependency</string>
			<key>target</key>
			<string>8949F72B188DDD090069E9D4</string>
			<key>targetProxy</key>
			<string>8949F75B188DDD090069E9D4</string>
		</dict>
		<key>8949F75D188DDD090069E9D4</key>
		<dict>
			<key>children</key>
			<array>
				<string>8949F763188DDD090069E9D4</string>
				<string>8949F75E188DDD090069E9D4</string>
			</array>
			<key>isa</key>
			<string>PBXGroup</string>
			<key>path</key>
			<string>FilmHeatTests</string>
			<key>sourceTree</key>
			<string>&lt;group&gt;</string>
		</dict>
		<key>8949F75E188DDD090069E9D4</key>
		<dict>
			<key>children</key>
			<array>
				<string>8949F75F188DDD090069E9D4</string>
				<string>8949F760188DDD090069E9D4</string>
			</array>
			<key>isa</key>
			<string>PBXGroup</string>
			<key>name</key>
			<string>Supporting Files</string>
			<key>sourceTree</key>
			<string>&lt;group&gt;</string>
		</dict>
		<key>8949F75F188DDD090069E9D4</key>
		<dict>
			<key>isa</key>
			<string>PBXFileReference</string>
			<key>lastKnownFileType</key>
			<string>text.plist.xml</string>
			<key>path</key>
			<string>FilmHeatTests-Info.plist</string>
			<key>sourceTree</key>
			<string>&lt;group&gt;</string>
		</dict>
		<key>8949F760188DDD090069E9D4</key>
		<dict>
			<key>children</key>
			<array>
				<string>8949F761188DDD090069E9D4</string>
			</array>
			<key>isa</key>
			<string>PBXVariantGroup</string>
			<key>name</key>
			<string>InfoPlist.strings</string>
			<key>sourceTree</key>
			<string>&lt;group&gt;</string>
		</dict>
		<key>8949F761188DDD090069E9D4</key>
		<dict>
			<key>isa</key>
			<string>PBXFileReference</string>
			<key>lastKnownFileType</key>
			<string>text.plist.strings</string>
			<key>name</key>
			<string>en</string>
			<key>path</key>
			<string>en.lproj/InfoPlist.strings</string>
			<key>sourceTree</key>
			<string>&lt;group&gt;</string>
		</dict>
		<key>8949F762188DDD090069E9D4</key>
		<dict>
			<key>fileRef</key>
			<string>8949F760188DDD090069E9D4</string>
			<key>isa</key>
			<string>PBXBuildFile</string>
		</dict>
		<key>8949F763188DDD090069E9D4</key>
		<dict>
			<key>isa</key>
			<string>PBXFileReference</string>
			<key>lastKnownFileType</key>
			<string>sourcecode.c.objc</string>
			<key>path</key>
			<string>FilmHeatTests.m</string>
			<key>sourceTree</key>
			<string>&lt;group&gt;</string>
		</dict>
		<key>8949F764188DDD090069E9D4</key>
		<dict>
			<key>fileRef</key>
			<string>8949F763188DDD090069E9D4</string>
			<key>isa</key>
			<string>PBXBuildFile</string>
		</dict>
		<key>8949F765188DDD090069E9D4</key>
		<dict>
			<key>buildSettings</key>
			<dict>
				<key>ALWAYS_SEARCH_USER_PATHS</key>
				<string>NO</string>
				<key>ARCHS</key>
				<string>$(ARCHS_STANDARD_INCLUDING_64_BIT)</string>
				<key>CLANG_CXX_LANGUAGE_STANDARD</key>
				<string>gnu++0x</string>
				<key>CLANG_CXX_LIBRARY</key>
				<string>libc++</string>
				<key>CLANG_ENABLE_MODULES</key>
				<string>YES</string>
				<key>CLANG_ENABLE_OBJC_ARC</key>
				<string>YES</string>
				<key>CLANG_WARN_BOOL_CONVERSION</key>
				<string>YES</string>
				<key>CLANG_WARN_CONSTANT_CONVERSION</key>
				<string>YES</string>
				<key>CLANG_WARN_DIRECT_OBJC_ISA_USAGE</key>
				<string>YES_ERROR</string>
				<key>CLANG_WARN_EMPTY_BODY</key>
				<string>YES</string>
				<key>CLANG_WARN_ENUM_CONVERSION</key>
				<string>YES</string>
				<key>CLANG_WARN_INT_CONVERSION</key>
				<string>YES</string>
				<key>CLANG_WARN_OBJC_ROOT_CLASS</key>
				<string>YES_ERROR</string>
				<key>CLANG_WARN__DUPLICATE_METHOD_MATCH</key>
				<string>YES</string>
				<key>CODE_SIGN_IDENTITY[sdk=iphoneos*]</key>
				<string>iPhone Developer</string>
				<key>COPY_PHASE_STRIP</key>
				<string>NO</string>
				<key>GCC_C_LANGUAGE_STANDARD</key>
				<string>gnu99</string>
				<key>GCC_DYNAMIC_NO_PIC</key>
				<string>NO</string>
				<key>GCC_OPTIMIZATION_LEVEL</key>
				<string>0</string>
				<key>GCC_PREPROCESSOR_DEFINITIONS</key>
				<array>
					<string>DEBUG=1</string>
					<string>$(inherited)</string>
				</array>
				<key>GCC_SYMBOLS_PRIVATE_EXTERN</key>
				<string>NO</string>
				<key>GCC_WARN_64_TO_32_BIT_CONVERSION</key>
				<string>YES</string>
				<key>GCC_WARN_ABOUT_RETURN_TYPE</key>
				<string>YES_ERROR</string>
				<key>GCC_WARN_UNDECLARED_SELECTOR</key>
				<string>YES</string>
				<key>GCC_WARN_UNINITIALIZED_AUTOS</key>
				<string>YES</string>
				<key>GCC_WARN_UNUSED_FUNCTION</key>
				<string>YES</string>
				<key>GCC_WARN_UNUSED_VARIABLE</key>
				<string>YES</string>
				<key>IPHONEOS_DEPLOYMENT_TARGET</key>
				<string>7.0</string>
				<key>ONLY_ACTIVE_ARCH</key>
				<string>YES</string>
				<key>SDKROOT</key>
				<string>iphoneos</string>
			</dict>
			<key>isa</key>
			<string>XCBuildConfiguration</string>
			<key>name</key>
			<string>Debug</string>
		</dict>
		<key>8949F766188DDD090069E9D4</key>
		<dict>
			<key>buildSettings</key>
			<dict>
				<key>ALWAYS_SEARCH_USER_PATHS</key>
				<string>NO</string>
				<key>ARCHS</key>
				<string>$(ARCHS_STANDARD_INCLUDING_64_BIT)</string>
				<key>CLANG_CXX_LANGUAGE_STANDARD</key>
				<string>gnu++0x</string>
				<key>CLANG_CXX_LIBRARY</key>
				<string>libc++</string>
				<key>CLANG_ENABLE_MODULES</key>
				<string>YES</string>
				<key>CLANG_ENABLE_OBJC_ARC</key>
				<string>YES</string>
				<key>CLANG_WARN_BOOL_CONVERSION</key>
				<string>YES</string>
				<key>CLANG_WARN_CONSTANT_CONVERSION</key>
				<string>YES</string>
				<key>CLANG_WARN_DIRECT_OBJC_ISA_USAGE</key>
				<string>YES_ERROR</string>
				<key>CLANG_WARN_EMPTY_BODY</key>
				<string>YES</string>
				<key>CLANG_WARN_ENUM_CONVERSION</key>
				<string>YES</string>
				<key>CLANG_WARN_INT_CONVERSION</key>
				<string>YES</string>
				<key>CLANG_WARN_OBJC_ROOT_CLASS</key>
				<string>YES_ERROR</string>
				<key>CLANG_WARN__DUPLICATE_METHOD_MATCH</key>
				<string>YES</string>
				<key>CODE_SIGN_IDENTITY[sdk=iphoneos*]</key>
				<string>iPhone Developer</string>
				<key>COPY_PHASE_STRIP</key>
				<string>YES</string>
				<key>ENABLE_NS_ASSERTIONS</key>
				<string>NO</string>
				<key>GCC_C_LANGUAGE_STANDARD</key>
				<string>gnu99</string>
				<key>GCC_WARN_64_TO_32_BIT_CONVERSION</key>
				<string>YES</string>
				<key>GCC_WARN_ABOUT_RETURN_TYPE</key>
				<string>YES_ERROR</string>
				<key>GCC_WARN_UNDECLARED_SELECTOR</key>
				<string>YES</string>
				<key>GCC_WARN_UNINITIALIZED_AUTOS</key>
				<string>YES</string>
				<key>GCC_WARN_UNUSED_FUNCTION</key>
				<string>YES</string>
				<key>GCC_WARN_UNUSED_VARIABLE</key>
				<string>YES</string>
				<key>IPHONEOS_DEPLOYMENT_TARGET</key>
				<string>7.0</string>
				<key>SDKROOT</key>
				<string>iphoneos</string>
				<key>VALIDATE_PRODUCT</key>
				<string>YES</string>
			</dict>
			<key>isa</key>
			<string>XCBuildConfiguration</string>
			<key>name</key>
			<string>Release</string>
		</dict>
		<key>8949F767188DDD090069E9D4</key>
		<dict>
			<key>buildConfigurations</key>
			<array>
				<string>8949F768188DDD090069E9D4</string>
				<string>8949F769188DDD090069E9D4</string>
			</array>
			<key>defaultConfigurationIsVisible</key>
			<string>0</string>
			<key>defaultConfigurationName</key>
			<string>Release</string>
			<key>isa</key>
			<string>XCConfigurationList</string>
		</dict>
		<key>8949F768188DDD090069E9D4</key>
		<dict>
			<key>baseConfigurationReference</key>
<<<<<<< HEAD
			<string>62A166A977C44177838ADDE9</string>
=======
			<string>9C0C317C71794A1488DD7703</string>
>>>>>>> 7d71197641c45d1345c31f03fef1be5a86706015
			<key>buildSettings</key>
			<dict>
				<key>ASSETCATALOG_COMPILER_APPICON_NAME</key>
				<string>AppIcon</string>
				<key>ASSETCATALOG_COMPILER_LAUNCHIMAGE_NAME</key>
				<string>LaunchImage</string>
				<key>GCC_PRECOMPILE_PREFIX_HEADER</key>
				<string>YES</string>
				<key>GCC_PREFIX_HEADER</key>
				<string>FilmHeat/FilmHeat-Prefix.pch</string>
				<key>INFOPLIST_FILE</key>
				<string>FilmHeat/FilmHeat-Info.plist</string>
				<key>PRODUCT_NAME</key>
				<string>$(TARGET_NAME)</string>
				<key>WRAPPER_EXTENSION</key>
				<string>app</string>
			</dict>
			<key>isa</key>
			<string>XCBuildConfiguration</string>
			<key>name</key>
			<string>Debug</string>
		</dict>
		<key>8949F769188DDD090069E9D4</key>
		<dict>
			<key>baseConfigurationReference</key>
<<<<<<< HEAD
			<string>62A166A977C44177838ADDE9</string>
=======
			<string>9C0C317C71794A1488DD7703</string>
>>>>>>> 7d71197641c45d1345c31f03fef1be5a86706015
			<key>buildSettings</key>
			<dict>
				<key>ASSETCATALOG_COMPILER_APPICON_NAME</key>
				<string>AppIcon</string>
				<key>ASSETCATALOG_COMPILER_LAUNCHIMAGE_NAME</key>
				<string>LaunchImage</string>
				<key>GCC_PRECOMPILE_PREFIX_HEADER</key>
				<string>YES</string>
				<key>GCC_PREFIX_HEADER</key>
				<string>FilmHeat/FilmHeat-Prefix.pch</string>
				<key>INFOPLIST_FILE</key>
				<string>FilmHeat/FilmHeat-Info.plist</string>
				<key>PRODUCT_NAME</key>
				<string>$(TARGET_NAME)</string>
				<key>WRAPPER_EXTENSION</key>
				<string>app</string>
			</dict>
			<key>isa</key>
			<string>XCBuildConfiguration</string>
			<key>name</key>
			<string>Release</string>
		</dict>
		<key>8949F76A188DDD090069E9D4</key>
		<dict>
			<key>buildConfigurations</key>
			<array>
				<string>8949F76B188DDD090069E9D4</string>
				<string>8949F76C188DDD090069E9D4</string>
			</array>
			<key>defaultConfigurationIsVisible</key>
			<string>0</string>
			<key>defaultConfigurationName</key>
			<string>Release</string>
			<key>isa</key>
			<string>XCConfigurationList</string>
		</dict>
		<key>8949F76B188DDD090069E9D4</key>
		<dict>
			<key>buildSettings</key>
			<dict>
				<key>ARCHS</key>
				<string>$(ARCHS_STANDARD_INCLUDING_64_BIT)</string>
				<key>BUNDLE_LOADER</key>
				<string>$(BUILT_PRODUCTS_DIR)/FilmHeat.app/FilmHeat</string>
				<key>FRAMEWORK_SEARCH_PATHS</key>
				<array>
					<string>$(SDKROOT)/Developer/Library/Frameworks</string>
					<string>$(inherited)</string>
					<string>$(DEVELOPER_FRAMEWORKS_DIR)</string>
				</array>
				<key>GCC_PRECOMPILE_PREFIX_HEADER</key>
				<string>YES</string>
				<key>GCC_PREFIX_HEADER</key>
				<string>FilmHeat/FilmHeat-Prefix.pch</string>
				<key>GCC_PREPROCESSOR_DEFINITIONS</key>
				<array>
					<string>DEBUG=1</string>
					<string>$(inherited)</string>
				</array>
				<key>INFOPLIST_FILE</key>
				<string>FilmHeatTests/FilmHeatTests-Info.plist</string>
				<key>PRODUCT_NAME</key>
				<string>$(TARGET_NAME)</string>
				<key>TEST_HOST</key>
				<string>$(BUNDLE_LOADER)</string>
				<key>WRAPPER_EXTENSION</key>
				<string>xctest</string>
			</dict>
			<key>isa</key>
			<string>XCBuildConfiguration</string>
			<key>name</key>
			<string>Debug</string>
		</dict>
		<key>8949F76C188DDD090069E9D4</key>
		<dict>
			<key>buildSettings</key>
			<dict>
				<key>ARCHS</key>
				<string>$(ARCHS_STANDARD_INCLUDING_64_BIT)</string>
				<key>BUNDLE_LOADER</key>
				<string>$(BUILT_PRODUCTS_DIR)/FilmHeat.app/FilmHeat</string>
				<key>FRAMEWORK_SEARCH_PATHS</key>
				<array>
					<string>$(SDKROOT)/Developer/Library/Frameworks</string>
					<string>$(inherited)</string>
					<string>$(DEVELOPER_FRAMEWORKS_DIR)</string>
				</array>
				<key>GCC_PRECOMPILE_PREFIX_HEADER</key>
				<string>YES</string>
				<key>GCC_PREFIX_HEADER</key>
				<string>FilmHeat/FilmHeat-Prefix.pch</string>
				<key>INFOPLIST_FILE</key>
				<string>FilmHeatTests/FilmHeatTests-Info.plist</string>
				<key>PRODUCT_NAME</key>
				<string>$(TARGET_NAME)</string>
				<key>TEST_HOST</key>
				<string>$(BUNDLE_LOADER)</string>
				<key>WRAPPER_EXTENSION</key>
				<string>xctest</string>
			</dict>
			<key>isa</key>
			<string>XCBuildConfiguration</string>
			<key>name</key>
			<string>Release</string>
		</dict>
		<key>8949F770188DE1450069E9D4</key>
		<dict>
			<key>fileEncoding</key>
			<string>4</string>
			<key>isa</key>
			<string>PBXFileReference</string>
			<key>lastKnownFileType</key>
			<string>sourcecode.c.h</string>
			<key>name</key>
			<string>SFTabBarController.h</string>
			<key>path</key>
			<string>../SFTabBarController.h</string>
			<key>sourceTree</key>
			<string>&lt;group&gt;</string>
		</dict>
		<key>8949F771188DE1460069E9D4</key>
		<dict>
			<key>fileEncoding</key>
			<string>4</string>
			<key>isa</key>
			<string>PBXFileReference</string>
			<key>lastKnownFileType</key>
			<string>sourcecode.c.objc</string>
			<key>name</key>
			<string>SFTabBarController.m</string>
			<key>path</key>
			<string>../SFTabBarController.m</string>
			<key>sourceTree</key>
			<string>&lt;group&gt;</string>
		</dict>
		<key>8949F772188DE1460069E9D4</key>
		<dict>
			<key>fileRef</key>
			<string>8949F771188DE1460069E9D4</string>
			<key>isa</key>
			<string>PBXBuildFile</string>
		</dict>
		<key>8949F773188DF2530069E9D4</key>
		<dict>
			<key>fileEncoding</key>
			<string>4</string>
			<key>isa</key>
			<string>PBXFileReference</string>
			<key>lastKnownFileType</key>
			<string>sourcecode.c.h</string>
			<key>path</key>
			<string>FilmModel.h</string>
			<key>sourceTree</key>
			<string>&lt;group&gt;</string>
		</dict>
		<key>8949F774188DF2530069E9D4</key>
		<dict>
			<key>fileEncoding</key>
			<string>4</string>
			<key>isa</key>
			<string>PBXFileReference</string>
			<key>lastKnownFileType</key>
			<string>sourcecode.c.objc</string>
			<key>path</key>
			<string>FilmModel.m</string>
			<key>sourceTree</key>
			<string>&lt;group&gt;</string>
		</dict>
		<key>8949F775188DF2530069E9D4</key>
		<dict>
			<key>fileRef</key>
			<string>8949F774188DF2530069E9D4</string>
			<key>isa</key>
			<string>PBXBuildFile</string>
		</dict>
		<key>8949F776188DF2910069E9D4</key>
		<dict>
			<key>children</key>
			<array>
				<string>8949F773188DF2530069E9D4</string>
				<string>8949F774188DF2530069E9D4</string>
				<string>89A6F6C2189C7D49002E1A21</string>
				<string>89A6F6C3189C7D49002E1A21</string>
			</array>
			<key>isa</key>
			<string>PBXGroup</string>
			<key>name</key>
			<string>Model</string>
			<key>sourceTree</key>
			<string>&lt;group&gt;</string>
		</dict>
		<key>8949F777188DF2980069E9D4</key>
		<dict>
			<key>children</key>
			<array>
				<string>898F4CBC189082A90060E847</string>
				<string>898F4CBD189082A90060E847</string>
			</array>
			<key>isa</key>
			<string>PBXGroup</string>
			<key>name</key>
			<string>View</string>
			<key>sourceTree</key>
			<string>&lt;group&gt;</string>
		</dict>
		<key>8949F778188DF29C0069E9D4</key>
		<dict>
			<key>children</key>
			<array>
				<string>898F4CB9189080D20060E847</string>
				<string>898F4CBA189080D20060E847</string>
				<string>8949F770188DE1450069E9D4</string>
				<string>8949F771188DE1460069E9D4</string>
				<string>8949F779188DF3040069E9D4</string>
				<string>8949F77A188DF3040069E9D4</string>
			</array>
			<key>isa</key>
			<string>PBXGroup</string>
			<key>name</key>
			<string>Controller</string>
			<key>sourceTree</key>
			<string>&lt;group&gt;</string>
		</dict>
		<key>8949F779188DF3040069E9D4</key>
		<dict>
			<key>fileEncoding</key>
			<string>4</string>
			<key>isa</key>
			<string>PBXFileReference</string>
			<key>lastKnownFileType</key>
			<string>sourcecode.c.h</string>
			<key>path</key>
			<string>SFFilmDataController.h</string>
			<key>sourceTree</key>
			<string>&lt;group&gt;</string>
		</dict>
		<key>8949F77A188DF3040069E9D4</key>
		<dict>
			<key>fileEncoding</key>
			<string>4</string>
			<key>isa</key>
			<string>PBXFileReference</string>
			<key>lastKnownFileType</key>
			<string>sourcecode.c.objc</string>
			<key>path</key>
			<string>SFFilmDataController.m</string>
			<key>sourceTree</key>
			<string>&lt;group&gt;</string>
		</dict>
		<key>8949F77B188DF3040069E9D4</key>
		<dict>
			<key>fileRef</key>
			<string>8949F77A188DF3040069E9D4</string>
			<key>isa</key>
			<string>PBXBuildFile</string>
		</dict>
		<key>894C50B2189C3BBA003F72C6</key>
		<dict>
			<key>fileEncoding</key>
			<string>4</string>
			<key>isa</key>
			<string>PBXFileReference</string>
			<key>lastKnownFileType</key>
			<string>sourcecode.c.h</string>
			<key>name</key>
			<string>UIColor+SFFilmHeatColors.h</string>
			<key>path</key>
			<string>../UIColor+SFFilmHeatColors.h</string>
			<key>sourceTree</key>
			<string>&lt;group&gt;</string>
		</dict>
		<key>894C50B3189C3BBA003F72C6</key>
		<dict>
			<key>fileEncoding</key>
			<string>4</string>
			<key>isa</key>
			<string>PBXFileReference</string>
			<key>lastKnownFileType</key>
			<string>sourcecode.c.objc</string>
			<key>name</key>
			<string>UIColor+SFFilmHeatColors.m</string>
			<key>path</key>
			<string>../UIColor+SFFilmHeatColors.m</string>
			<key>sourceTree</key>
			<string>&lt;group&gt;</string>
		</dict>
		<key>894C50B4189C3BBA003F72C6</key>
		<dict>
			<key>fileRef</key>
			<string>894C50B3189C3BBA003F72C6</string>
			<key>isa</key>
			<string>PBXBuildFile</string>
		</dict>
		<key>894DFAC618A0516A00806267</key>
		<dict>
			<key>fileEncoding</key>
			<string>4</string>
			<key>isa</key>
			<string>PBXFileReference</string>
			<key>lastKnownFileType</key>
			<string>sourcecode.c.h</string>
			<key>name</key>
			<string>SFMovieDetailViewController.h</string>
			<key>path</key>
			<string>../SFMovieDetailViewController.h</string>
			<key>sourceTree</key>
			<string>&lt;group&gt;</string>
		</dict>
		<key>894DFAC718A0516A00806267</key>
		<dict>
			<key>fileEncoding</key>
			<string>4</string>
			<key>isa</key>
			<string>PBXFileReference</string>
			<key>lastKnownFileType</key>
			<string>sourcecode.c.objc</string>
			<key>name</key>
			<string>SFMovieDetailViewController.m</string>
			<key>path</key>
			<string>../SFMovieDetailViewController.m</string>
			<key>sourceTree</key>
			<string>&lt;group&gt;</string>
		</dict>
		<key>894DFAC818A0516A00806267</key>
		<dict>
			<key>fileRef</key>
			<string>894DFAC718A0516A00806267</string>
			<key>isa</key>
			<string>PBXBuildFile</string>
		</dict>
		<key>894DFAC918A0681000806267</key>
		<dict>
			<key>fileEncoding</key>
			<string>4</string>
			<key>isa</key>
			<string>PBXFileReference</string>
			<key>lastKnownFileType</key>
			<string>sourcecode.c.h</string>
			<key>name</key>
			<string>SFCustomizeViewController.h</string>
			<key>path</key>
			<string>../SFCustomizeViewController.h</string>
			<key>sourceTree</key>
			<string>&lt;group&gt;</string>
		</dict>
		<key>894DFACA18A0681100806267</key>
		<dict>
			<key>fileEncoding</key>
			<string>4</string>
			<key>isa</key>
			<string>PBXFileReference</string>
			<key>lastKnownFileType</key>
			<string>sourcecode.c.objc</string>
			<key>name</key>
			<string>SFCustomizeViewController.m</string>
			<key>path</key>
			<string>../SFCustomizeViewController.m</string>
			<key>sourceTree</key>
			<string>&lt;group&gt;</string>
		</dict>
		<key>894DFACB18A0681100806267</key>
		<dict>
			<key>fileRef</key>
			<string>894DFACA18A0681100806267</string>
			<key>isa</key>
			<string>PBXBuildFile</string>
		</dict>
		<key>894DFACC18A0722000806267</key>
		<dict>
			<key>children</key>
			<array>
				<string>894DFADB18A176DB00806267</string>
				<string>894DFAD918A176CA00806267</string>
				<string>894DFAD718A1769F00806267</string>
				<string>894DFAD518A1769300806267</string>
				<string>894DFACF18A0724400806267</string>
				<string>894DFACD18A0723600806267</string>
				<string>897EB57E189B306C007D43F3</string>
				<string>897EB57A189B3060007D43F3</string>
			</array>
			<key>isa</key>
			<string>PBXGroup</string>
			<key>name</key>
			<string>Media</string>
			<key>path</key>
			<string>..</string>
			<key>sourceTree</key>
			<string>&lt;group&gt;</string>
		</dict>
		<key>894DFACD18A0723600806267</key>
		<dict>
			<key>isa</key>
			<string>PBXFileReference</string>
			<key>lastKnownFileType</key>
			<string>image.png</string>
			<key>path</key>
			<string>Horizontal_Slider@2x.png</string>
			<key>sourceTree</key>
			<string>&lt;group&gt;</string>
		</dict>
		<key>894DFACE18A0723600806267</key>
		<dict>
			<key>fileRef</key>
			<string>894DFACD18A0723600806267</string>
			<key>isa</key>
			<string>PBXBuildFile</string>
		</dict>
		<key>894DFACF18A0724400806267</key>
		<dict>
			<key>isa</key>
			<string>PBXFileReference</string>
			<key>lastKnownFileType</key>
			<string>image.png</string>
			<key>path</key>
			<string>Horizontal_Slider.png</string>
			<key>sourceTree</key>
			<string>&lt;group&gt;</string>
		</dict>
		<key>894DFAD018A0724400806267</key>
		<dict>
			<key>fileRef</key>
			<string>894DFACF18A0724400806267</string>
			<key>isa</key>
			<string>PBXBuildFile</string>
		</dict>
		<key>894DFAD518A1769300806267</key>
		<dict>
			<key>isa</key>
			<string>PBXFileReference</string>
			<key>lastKnownFileType</key>
			<string>image.png</string>
			<key>path</key>
			<string>Checkbox.png</string>
			<key>sourceTree</key>
			<string>&lt;group&gt;</string>
		</dict>
		<key>894DFAD618A1769300806267</key>
		<dict>
			<key>fileRef</key>
			<string>894DFAD518A1769300806267</string>
			<key>isa</key>
			<string>PBXBuildFile</string>
		</dict>
		<key>894DFAD718A1769F00806267</key>
		<dict>
			<key>isa</key>
			<string>PBXFileReference</string>
			<key>lastKnownFileType</key>
			<string>image.png</string>
			<key>path</key>
			<string>Checkbox@2x.png</string>
			<key>sourceTree</key>
			<string>&lt;group&gt;</string>
		</dict>
		<key>894DFAD818A1769F00806267</key>
		<dict>
			<key>fileRef</key>
			<string>894DFAD718A1769F00806267</string>
			<key>isa</key>
			<string>PBXBuildFile</string>
		</dict>
		<key>894DFAD918A176CA00806267</key>
		<dict>
			<key>isa</key>
			<string>PBXFileReference</string>
			<key>lastKnownFileType</key>
			<string>image.png</string>
			<key>path</key>
			<string>List@2x.png</string>
			<key>sourceTree</key>
			<string>&lt;group&gt;</string>
		</dict>
		<key>894DFADA18A176CA00806267</key>
		<dict>
			<key>fileRef</key>
			<string>894DFAD918A176CA00806267</string>
			<key>isa</key>
			<string>PBXBuildFile</string>
		</dict>
		<key>894DFADB18A176DB00806267</key>
		<dict>
			<key>isa</key>
			<string>PBXFileReference</string>
			<key>lastKnownFileType</key>
			<string>image.png</string>
			<key>path</key>
			<string>List.png</string>
			<key>sourceTree</key>
			<string>&lt;group&gt;</string>
		</dict>
		<key>894DFADC18A176DB00806267</key>
		<dict>
			<key>fileRef</key>
			<string>894DFADB18A176DB00806267</string>
			<key>isa</key>
			<string>PBXBuildFile</string>
		</dict>
		<key>895B49C81895E04F001874D5</key>
		<dict>
			<key>isa</key>
			<string>PBXFileReference</string>
			<key>lastKnownFileType</key>
			<string>wrapper.framework</string>
			<key>name</key>
			<string>MapKit.framework</string>
			<key>path</key>
			<string>System/Library/Frameworks/MapKit.framework</string>
			<key>sourceTree</key>
			<string>SDKROOT</string>
		</dict>
		<key>895B49C91895E04F001874D5</key>
		<dict>
			<key>fileRef</key>
			<string>895B49C81895E04F001874D5</string>
			<key>isa</key>
			<string>PBXBuildFile</string>
		</dict>
		<key>897EB4D91899CEAA007D43F3</key>
		<dict>
			<key>fileEncoding</key>
			<string>4</string>
			<key>isa</key>
			<string>PBXFileReference</string>
			<key>lastKnownFileType</key>
			<string>sourcecode.c.h</string>
			<key>name</key>
			<string>SFScrollViewController.h</string>
			<key>path</key>
			<string>../SFScrollViewController.h</string>
			<key>sourceTree</key>
			<string>&lt;group&gt;</string>
		</dict>
		<key>897EB4DA1899CEAA007D43F3</key>
		<dict>
			<key>fileEncoding</key>
			<string>4</string>
			<key>isa</key>
			<string>PBXFileReference</string>
			<key>lastKnownFileType</key>
			<string>sourcecode.c.objc</string>
			<key>name</key>
			<string>SFScrollViewController.m</string>
			<key>path</key>
			<string>../SFScrollViewController.m</string>
			<key>sourceTree</key>
			<string>&lt;group&gt;</string>
		</dict>
		<key>897EB4DB1899CEAB007D43F3</key>
		<dict>
			<key>fileRef</key>
			<string>897EB4DA1899CEAA007D43F3</string>
			<key>isa</key>
			<string>PBXBuildFile</string>
		</dict>
		<key>897EB573189B2DD0007D43F3</key>
		<dict>
			<key>fileEncoding</key>
			<string>4</string>
			<key>isa</key>
			<string>PBXFileReference</string>
			<key>lastKnownFileType</key>
			<string>sourcecode.c.h</string>
			<key>name</key>
			<string>SFTestViewController.h</string>
			<key>path</key>
			<string>../SFTestViewController.h</string>
			<key>sourceTree</key>
			<string>&lt;group&gt;</string>
		</dict>
		<key>897EB574189B2DD0007D43F3</key>
		<dict>
			<key>fileEncoding</key>
			<string>4</string>
			<key>isa</key>
			<string>PBXFileReference</string>
			<key>lastKnownFileType</key>
			<string>sourcecode.c.objc</string>
			<key>name</key>
			<string>SFTestViewController.m</string>
			<key>path</key>
			<string>../SFTestViewController.m</string>
			<key>sourceTree</key>
			<string>&lt;group&gt;</string>
		</dict>
		<key>897EB575189B2DD0007D43F3</key>
		<dict>
			<key>fileRef</key>
			<string>897EB574189B2DD0007D43F3</string>
			<key>isa</key>
			<string>PBXBuildFile</string>
		</dict>
		<key>897EB57A189B3060007D43F3</key>
		<dict>
			<key>isa</key>
			<string>PBXFileReference</string>
			<key>lastKnownFileType</key>
			<string>image.png</string>
			<key>name</key>
			<string>Movies@2x.png</string>
			<key>path</key>
			<string>FilmHeat/Movies@2x.png</string>
			<key>sourceTree</key>
			<string>&lt;group&gt;</string>
		</dict>
		<key>897EB57C189B3060007D43F3</key>
		<dict>
			<key>fileRef</key>
			<string>897EB57A189B3060007D43F3</string>
			<key>isa</key>
			<string>PBXBuildFile</string>
		</dict>
		<key>897EB57E189B306C007D43F3</key>
		<dict>
			<key>isa</key>
			<string>PBXFileReference</string>
			<key>lastKnownFileType</key>
			<string>image.png</string>
			<key>name</key>
			<string>Movies.png</string>
			<key>path</key>
			<string>FilmHeat/Movies.png</string>
			<key>sourceTree</key>
			<string>&lt;group&gt;</string>
		</dict>
		<key>897EB580189B306C007D43F3</key>
		<dict>
			<key>fileRef</key>
			<string>897EB57E189B306C007D43F3</string>
			<key>isa</key>
			<string>PBXBuildFile</string>
		</dict>
		<key>898F4CB9189080D20060E847</key>
		<dict>
			<key>fileEncoding</key>
			<string>4</string>
			<key>isa</key>
			<string>PBXFileReference</string>
			<key>lastKnownFileType</key>
			<string>sourcecode.c.h</string>
			<key>name</key>
			<string>SFFilmModelDataController.h</string>
			<key>path</key>
			<string>../SFFilmModelDataController.h</string>
			<key>sourceTree</key>
			<string>&lt;group&gt;</string>
		</dict>
		<key>898F4CBA189080D20060E847</key>
		<dict>
			<key>fileEncoding</key>
			<string>4</string>
			<key>isa</key>
			<string>PBXFileReference</string>
			<key>lastKnownFileType</key>
			<string>sourcecode.c.objc</string>
			<key>name</key>
			<string>SFFilmModelDataController.m</string>
			<key>path</key>
			<string>../SFFilmModelDataController.m</string>
			<key>sourceTree</key>
			<string>&lt;group&gt;</string>
		</dict>
		<key>898F4CBB189080D20060E847</key>
		<dict>
			<key>fileRef</key>
			<string>898F4CBA189080D20060E847</string>
			<key>isa</key>
			<string>PBXBuildFile</string>
		</dict>
		<key>898F4CBC189082A90060E847</key>
		<dict>
			<key>fileEncoding</key>
			<string>4</string>
			<key>isa</key>
			<string>PBXFileReference</string>
			<key>lastKnownFileType</key>
			<string>sourcecode.c.h</string>
			<key>name</key>
			<string>SFFilmTableViewCell.h</string>
			<key>path</key>
			<string>../SFFilmTableViewCell.h</string>
			<key>sourceTree</key>
			<string>&lt;group&gt;</string>
		</dict>
		<key>898F4CBD189082A90060E847</key>
		<dict>
			<key>fileEncoding</key>
			<string>4</string>
			<key>isa</key>
			<string>PBXFileReference</string>
			<key>lastKnownFileType</key>
			<string>sourcecode.c.objc</string>
			<key>name</key>
			<string>SFFilmTableViewCell.m</string>
			<key>path</key>
			<string>../SFFilmTableViewCell.m</string>
			<key>sourceTree</key>
			<string>&lt;group&gt;</string>
		</dict>
		<key>898F4CBE189082A90060E847</key>
		<dict>
			<key>fileRef</key>
			<string>898F4CBD189082A90060E847</string>
			<key>isa</key>
			<string>PBXBuildFile</string>
		</dict>
		<key>89A6F6BF189C7967002E1A21</key>
		<dict>
			<key>fileEncoding</key>
			<string>4</string>
			<key>isa</key>
			<string>PBXFileReference</string>
			<key>lastKnownFileType</key>
			<string>sourcecode.c.h</string>
			<key>name</key>
			<string>SFMapViewController.h</string>
			<key>path</key>
			<string>../SFMapViewController.h</string>
			<key>sourceTree</key>
			<string>&lt;group&gt;</string>
		</dict>
		<key>89A6F6C0189C7967002E1A21</key>
		<dict>
			<key>fileEncoding</key>
			<string>4</string>
			<key>isa</key>
			<string>PBXFileReference</string>
			<key>lastKnownFileType</key>
			<string>sourcecode.c.objc</string>
			<key>name</key>
			<string>SFMapViewController.m</string>
			<key>path</key>
			<string>../SFMapViewController.m</string>
			<key>sourceTree</key>
			<string>&lt;group&gt;</string>
		</dict>
		<key>89A6F6C1189C7967002E1A21</key>
		<dict>
			<key>fileRef</key>
			<string>89A6F6C0189C7967002E1A21</string>
			<key>isa</key>
			<string>PBXBuildFile</string>
		</dict>
		<key>89A6F6C2189C7D49002E1A21</key>
		<dict>
			<key>fileEncoding</key>
			<string>4</string>
			<key>isa</key>
			<string>PBXFileReference</string>
			<key>lastKnownFileType</key>
			<string>sourcecode.c.h</string>
			<key>path</key>
			<string>ShowtimeModel.h</string>
			<key>sourceTree</key>
			<string>&lt;group&gt;</string>
		</dict>
		<key>89A6F6C3189C7D49002E1A21</key>
		<dict>
			<key>fileEncoding</key>
			<string>4</string>
			<key>isa</key>
			<string>PBXFileReference</string>
			<key>lastKnownFileType</key>
			<string>sourcecode.c.objc</string>
			<key>path</key>
			<string>ShowtimeModel.m</string>
			<key>sourceTree</key>
			<string>&lt;group&gt;</string>
		</dict>
		<key>89A6F6C4189C7D49002E1A21</key>
		<dict>
			<key>fileRef</key>
			<string>89A6F6C3189C7D49002E1A21</string>
			<key>isa</key>
			<string>PBXBuildFile</string>
		</dict>
<<<<<<< HEAD
		<key>92A5089A8FB14D829A115824</key>
		<dict>
			<key>buildActionMask</key>
			<string>2147483647</string>
			<key>files</key>
			<array/>
			<key>inputPaths</key>
			<array/>
			<key>isa</key>
			<string>PBXShellScriptBuildPhase</string>
			<key>name</key>
			<string>Check Pods Manifest.lock</string>
			<key>outputPaths</key>
			<array/>
			<key>runOnlyForDeploymentPostprocessing</key>
			<string>0</string>
			<key>shellPath</key>
			<string>/bin/sh</string>
			<key>shellScript</key>
			<string>diff "${PODS_ROOT}/../Podfile.lock" "${PODS_ROOT}/Manifest.lock" &gt; /dev/null
if [[ $? != 0 ]] ; then
    cat &lt;&lt; EOM
error: The sandbox is not in sync with the Podfile.lock. Run 'pod install' or update your CocoaPods installation.
EOM
    exit 1
fi
</string>
			<key>showEnvVarsInLog</key>
			<string>0</string>
		</dict>
		<key>B48AB1528C9E4C12AB2A1D21</key>
=======
		<key>9C0C317C71794A1488DD7703</key>
		<dict>
			<key>includeInIndex</key>
			<string>1</string>
			<key>isa</key>
			<string>PBXFileReference</string>
			<key>lastKnownFileType</key>
			<string>text.xcconfig</string>
			<key>name</key>
			<string>Pods.xcconfig</string>
			<key>path</key>
			<string>Pods/Pods.xcconfig</string>
			<key>sourceTree</key>
			<string>&lt;group&gt;</string>
		</dict>
		<key>B0C416946CBE4CFE884F353E</key>
>>>>>>> 7d71197641c45d1345c31f03fef1be5a86706015
		<dict>
			<key>buildActionMask</key>
			<string>2147483647</string>
			<key>files</key>
			<array/>
			<key>inputPaths</key>
			<array/>
			<key>isa</key>
			<string>PBXShellScriptBuildPhase</string>
			<key>name</key>
			<string>Copy Pods Resources</string>
			<key>outputPaths</key>
			<array/>
			<key>runOnlyForDeploymentPostprocessing</key>
			<string>0</string>
			<key>shellPath</key>
			<string>/bin/sh</string>
			<key>shellScript</key>
			<string>"${SRCROOT}/Pods/Pods-resources.sh"
</string>
			<key>showEnvVarsInLog</key>
			<string>0</string>
		</dict>
<<<<<<< HEAD
=======
		<key>F83D7A3CC7C7497B9209FF30</key>
		<dict>
			<key>fileRef</key>
			<string>7244DD04747A4D38BDFE3AF1</string>
			<key>isa</key>
			<string>PBXBuildFile</string>
		</dict>
>>>>>>> 7d71197641c45d1345c31f03fef1be5a86706015
	</dict>
	<key>rootObject</key>
	<string>8949F724188DDD090069E9D4</string>
</dict>
</plist>
